
Microsoft Visual Studio Solution File, Format Version 12.00
# Visual Studio Version 17
VisualStudioVersion = 17.0.31521.260
MinimumVisualStudioVersion = 10.0.40219.1
Project("{FAE04EC0-301F-11D3-BF4B-00C04F79EFBC}") = "AntiGitUI", "BackupCreator\AntiGitUI.csproj", "{6669F4B4-8B78-4990-B898-CFA158518DA9}"
EndProject
Project("{9A19103F-16F7-4668-BE54-9A1E7A4F7556}") = "AntiGitLibrary", "AntiGit\AntiGitLibrary.csproj", "{FCB5BD6A-7172-4728-ADE2-81AF7CEA0C21}"
EndProject
Project("{9A19103F-16F7-4668-BE54-9A1E7A4F7556}") = "AntiGitConsole", "AntiGitConsole\AntiGitConsole.csproj", "{00F8EE47-87CD-4713-9E8E-5132DCBE391D}"
EndProject
Project("{D954291E-2A0B-460D-934E-DC6B0785DB48}") = "AntiGitUI.Shared", "AntiGitUI\AntiGitUI.Shared\AntiGitUI.Shared.shproj", "{6279C845-92F8-4333-AB99-3D213163593C}"
EndProject
Project("{2150E333-8FDC-42A3-9474-1A3956D46DE8}") = "Platforms", "Platforms", "{996ADA94-1972-4680-80DE-6A804F458489}"
EndProject
Project("{FAE04EC0-301F-11D3-BF4B-00C04F79EFBC}") = "AntiGitUI.Droid", "AntiGitUI\AntiGitUI.Droid\AntiGitUI.Droid.csproj", "{E4827B0E-394B-417F-BCD3-F417F7FE2DA3}"
EndProject
Project("{FAE04EC0-301F-11D3-BF4B-00C04F79EFBC}") = "AntiGitUI.iOS", "AntiGitUI\AntiGitUI.iOS\AntiGitUI.iOS.csproj", "{3F0B3E3D-30DA-4878-AD38-D2248A49C7B6}"
EndProject
Project("{FAE04EC0-301F-11D3-BF4B-00C04F79EFBC}") = "AntiGitUI.UWP", "AntiGitUI\AntiGitUI.UWP\AntiGitUI.UWP.csproj", "{7A0253F7-3889-4479-9D20-9CE980101523}"
EndProject
Project("{9A19103F-16F7-4668-BE54-9A1E7A4F7556}") = "AntiGitUI.Wasm", "AntiGitUI\AntiGitUI.Wasm\AntiGitUI.Wasm.csproj", "{14618902-C12E-491E-ACD0-AA92BDB4069F}"
EndProject
Project("{FAE04EC0-301F-11D3-BF4B-00C04F79EFBC}") = "AntiGitUI.macOS", "AntiGitUI\AntiGitUI.macOS\AntiGitUI.macOS.csproj", "{6E3C0383-38F7-4389-98EB-7E2A42774045}"
EndProject
Project("{9A19103F-16F7-4668-BE54-9A1E7A4F7556}") = "AntiGitUI.Skia.Wpf.Host", "AntiGitUI\AntiGitUI.Skia.Wpf.Host\AntiGitUI.Skia.Wpf.Host.csproj", "{24327B3A-8997-4C44-B422-EF7ADE8F38D8}"
EndProject
Project("{9A19103F-16F7-4668-BE54-9A1E7A4F7556}") = "AntiGitUI.Skia.Wpf", "AntiGitUI\AntiGitUI.Skia.Wpf\AntiGitUI.Skia.Wpf.csproj", "{EAB0F0B8-5970-42F1-BDAD-3A874F48407C}"
EndProject
Project("{9A19103F-16F7-4668-BE54-9A1E7A4F7556}") = "AntiGitUI.Skia.Gtk", "AntiGitUI\AntiGitUI.Skia.Gtk\AntiGitUI.Skia.Gtk.csproj", "{892B1AE9-58B0-4244-9A5E-953C53B41713}"
EndProject
Project("{9A19103F-16F7-4668-BE54-9A1E7A4F7556}") = "AntiGitUI.Skia.Tizen", "AntiGitUI\AntiGitUI.Skia.Tizen\AntiGitUI.Skia.Tizen.csproj", "{7EFFBE73-0FBC-42E8-86FA-34DD4D1E5A3D}"
EndProject
Global
	GlobalSection(SharedMSBuildProjectFiles) = preSolution
		AntiGitUI\AntiGitUI.Shared\AntiGitUI.Shared.projitems*{14618902-c12e-491e-acd0-aa92bdb4069f}*SharedItemsImports = 5
		AntiGitUI\AntiGitUI.Shared\AntiGitUI.Shared.projitems*{3f0b3e3d-30da-4878-ad38-d2248a49c7b6}*SharedItemsImports = 4
		AntiGitUI\AntiGitUI.Shared\AntiGitUI.Shared.projitems*{6279c845-92f8-4333-ab99-3d213163593c}*SharedItemsImports = 13
		AntiGitUI\AntiGitUI.Shared\AntiGitUI.Shared.projitems*{6e3c0383-38f7-4389-98eb-7e2a42774045}*SharedItemsImports = 4
		AntiGitUI\AntiGitUI.Shared\AntiGitUI.Shared.projitems*{7a0253f7-3889-4479-9d20-9ce980101523}*SharedItemsImports = 4
		AntiGitUI\AntiGitUI.Shared\AntiGitUI.Shared.projitems*{7effbe73-0fbc-42e8-86fa-34dd4d1e5a3d}*SharedItemsImports = 5
		AntiGitUI\AntiGitUI.Shared\AntiGitUI.Shared.projitems*{892b1ae9-58b0-4244-9a5e-953c53b41713}*SharedItemsImports = 5
		AntiGitUI\AntiGitUI.Shared\AntiGitUI.Shared.projitems*{e4827b0e-394b-417f-bcd3-f417f7fe2da3}*SharedItemsImports = 4
		AntiGitUI\AntiGitUI.Shared\AntiGitUI.Shared.projitems*{eab0f0b8-5970-42f1-bdad-3a874f48407c}*SharedItemsImports = 5
	EndGlobalSection
	GlobalSection(SolutionConfigurationPlatforms) = preSolution
		Ad-Hoc|Any CPU = Ad-Hoc|Any CPU
		Ad-Hoc|ARM = Ad-Hoc|ARM
		Ad-Hoc|ARM64 = Ad-Hoc|ARM64
		Ad-Hoc|iPhone = Ad-Hoc|iPhone
		Ad-Hoc|iPhoneSimulator = Ad-Hoc|iPhoneSimulator
		Ad-Hoc|x64 = Ad-Hoc|x64
		Ad-Hoc|x86 = Ad-Hoc|x86
		AppStore|Any CPU = AppStore|Any CPU
		AppStore|ARM = AppStore|ARM
		AppStore|ARM64 = AppStore|ARM64
		AppStore|iPhone = AppStore|iPhone
		AppStore|iPhoneSimulator = AppStore|iPhoneSimulator
		AppStore|x64 = AppStore|x64
		AppStore|x86 = AppStore|x86
		Debug|Any CPU = Debug|Any CPU
		Debug|ARM = Debug|ARM
		Debug|ARM64 = Debug|ARM64
		Debug|iPhone = Debug|iPhone
		Debug|iPhoneSimulator = Debug|iPhoneSimulator
		Debug|x64 = Debug|x64
		Debug|x86 = Debug|x86
		DebugMac|Any CPU = DebugMac|Any CPU
		DebugMac|ARM = DebugMac|ARM
		DebugMac|ARM64 = DebugMac|ARM64
		DebugMac|iPhone = DebugMac|iPhone
		DebugMac|iPhoneSimulator = DebugMac|iPhoneSimulator
		DebugMac|x64 = DebugMac|x64
		DebugMac|x86 = DebugMac|x86
		Release|Any CPU = Release|Any CPU
		Release|ARM = Release|ARM
		Release|ARM64 = Release|ARM64
		Release|iPhone = Release|iPhone
		Release|iPhoneSimulator = Release|iPhoneSimulator
		Release|x64 = Release|x64
		Release|x86 = Release|x86
		ReleaseMac|Any CPU = ReleaseMac|Any CPU
		ReleaseMac|ARM = ReleaseMac|ARM
		ReleaseMac|ARM64 = ReleaseMac|ARM64
		ReleaseMac|iPhone = ReleaseMac|iPhone
		ReleaseMac|iPhoneSimulator = ReleaseMac|iPhoneSimulator
		ReleaseMac|x64 = ReleaseMac|x64
		ReleaseMac|x86 = ReleaseMac|x86
	EndGlobalSection
	GlobalSection(ProjectConfigurationPlatforms) = postSolution
		{6669F4B4-8B78-4990-B898-CFA158518DA9}.Ad-Hoc|Any CPU.ActiveCfg = ReleaseMac|Any CPU
		{6669F4B4-8B78-4990-B898-CFA158518DA9}.Ad-Hoc|Any CPU.Build.0 = ReleaseMac|Any CPU
		{6669F4B4-8B78-4990-B898-CFA158518DA9}.Ad-Hoc|ARM.ActiveCfg = ReleaseMac|Any CPU
		{6669F4B4-8B78-4990-B898-CFA158518DA9}.Ad-Hoc|ARM.Build.0 = ReleaseMac|Any CPU
		{6669F4B4-8B78-4990-B898-CFA158518DA9}.Ad-Hoc|ARM64.ActiveCfg = ReleaseMac|Any CPU
		{6669F4B4-8B78-4990-B898-CFA158518DA9}.Ad-Hoc|ARM64.Build.0 = ReleaseMac|Any CPU
		{6669F4B4-8B78-4990-B898-CFA158518DA9}.Ad-Hoc|iPhone.ActiveCfg = ReleaseMac|Any CPU
		{6669F4B4-8B78-4990-B898-CFA158518DA9}.Ad-Hoc|iPhone.Build.0 = ReleaseMac|Any CPU
		{6669F4B4-8B78-4990-B898-CFA158518DA9}.Ad-Hoc|iPhoneSimulator.ActiveCfg = ReleaseMac|Any CPU
		{6669F4B4-8B78-4990-B898-CFA158518DA9}.Ad-Hoc|iPhoneSimulator.Build.0 = ReleaseMac|Any CPU
		{6669F4B4-8B78-4990-B898-CFA158518DA9}.Ad-Hoc|x64.ActiveCfg = ReleaseMac|Any CPU
		{6669F4B4-8B78-4990-B898-CFA158518DA9}.Ad-Hoc|x64.Build.0 = ReleaseMac|Any CPU
		{6669F4B4-8B78-4990-B898-CFA158518DA9}.Ad-Hoc|x86.ActiveCfg = ReleaseMac|Any CPU
		{6669F4B4-8B78-4990-B898-CFA158518DA9}.Ad-Hoc|x86.Build.0 = ReleaseMac|Any CPU
		{6669F4B4-8B78-4990-B898-CFA158518DA9}.AppStore|Any CPU.ActiveCfg = ReleaseMac|Any CPU
		{6669F4B4-8B78-4990-B898-CFA158518DA9}.AppStore|Any CPU.Build.0 = ReleaseMac|Any CPU
		{6669F4B4-8B78-4990-B898-CFA158518DA9}.AppStore|ARM.ActiveCfg = ReleaseMac|Any CPU
		{6669F4B4-8B78-4990-B898-CFA158518DA9}.AppStore|ARM.Build.0 = ReleaseMac|Any CPU
		{6669F4B4-8B78-4990-B898-CFA158518DA9}.AppStore|ARM64.ActiveCfg = ReleaseMac|Any CPU
		{6669F4B4-8B78-4990-B898-CFA158518DA9}.AppStore|ARM64.Build.0 = ReleaseMac|Any CPU
		{6669F4B4-8B78-4990-B898-CFA158518DA9}.AppStore|iPhone.ActiveCfg = ReleaseMac|Any CPU
		{6669F4B4-8B78-4990-B898-CFA158518DA9}.AppStore|iPhone.Build.0 = ReleaseMac|Any CPU
		{6669F4B4-8B78-4990-B898-CFA158518DA9}.AppStore|iPhoneSimulator.ActiveCfg = ReleaseMac|Any CPU
		{6669F4B4-8B78-4990-B898-CFA158518DA9}.AppStore|iPhoneSimulator.Build.0 = ReleaseMac|Any CPU
		{6669F4B4-8B78-4990-B898-CFA158518DA9}.AppStore|x64.ActiveCfg = ReleaseMac|Any CPU
		{6669F4B4-8B78-4990-B898-CFA158518DA9}.AppStore|x64.Build.0 = ReleaseMac|Any CPU
		{6669F4B4-8B78-4990-B898-CFA158518DA9}.AppStore|x86.ActiveCfg = ReleaseMac|Any CPU
		{6669F4B4-8B78-4990-B898-CFA158518DA9}.AppStore|x86.Build.0 = ReleaseMac|Any CPU
		{6669F4B4-8B78-4990-B898-CFA158518DA9}.Debug|Any CPU.ActiveCfg = Debug|Any CPU
		{6669F4B4-8B78-4990-B898-CFA158518DA9}.Debug|Any CPU.Build.0 = Debug|Any CPU
		{6669F4B4-8B78-4990-B898-CFA158518DA9}.Debug|ARM.ActiveCfg = Debug|Any CPU
		{6669F4B4-8B78-4990-B898-CFA158518DA9}.Debug|ARM.Build.0 = Debug|Any CPU
		{6669F4B4-8B78-4990-B898-CFA158518DA9}.Debug|ARM64.ActiveCfg = Debug|Any CPU
		{6669F4B4-8B78-4990-B898-CFA158518DA9}.Debug|ARM64.Build.0 = Debug|Any CPU
		{6669F4B4-8B78-4990-B898-CFA158518DA9}.Debug|iPhone.ActiveCfg = Debug|Any CPU
		{6669F4B4-8B78-4990-B898-CFA158518DA9}.Debug|iPhone.Build.0 = Debug|Any CPU
		{6669F4B4-8B78-4990-B898-CFA158518DA9}.Debug|iPhoneSimulator.ActiveCfg = Debug|Any CPU
		{6669F4B4-8B78-4990-B898-CFA158518DA9}.Debug|iPhoneSimulator.Build.0 = Debug|Any CPU
		{6669F4B4-8B78-4990-B898-CFA158518DA9}.Debug|x64.ActiveCfg = Debug|Any CPU
		{6669F4B4-8B78-4990-B898-CFA158518DA9}.Debug|x64.Build.0 = Debug|Any CPU
		{6669F4B4-8B78-4990-B898-CFA158518DA9}.Debug|x86.ActiveCfg = Debug|Any CPU
		{6669F4B4-8B78-4990-B898-CFA158518DA9}.Debug|x86.Build.0 = Debug|Any CPU
		{6669F4B4-8B78-4990-B898-CFA158518DA9}.DebugMac|Any CPU.ActiveCfg = DebugMac|Any CPU
		{6669F4B4-8B78-4990-B898-CFA158518DA9}.DebugMac|Any CPU.Build.0 = DebugMac|Any CPU
		{6669F4B4-8B78-4990-B898-CFA158518DA9}.DebugMac|ARM.ActiveCfg = DebugMac|Any CPU
		{6669F4B4-8B78-4990-B898-CFA158518DA9}.DebugMac|ARM.Build.0 = DebugMac|Any CPU
		{6669F4B4-8B78-4990-B898-CFA158518DA9}.DebugMac|ARM64.ActiveCfg = DebugMac|Any CPU
		{6669F4B4-8B78-4990-B898-CFA158518DA9}.DebugMac|ARM64.Build.0 = DebugMac|Any CPU
		{6669F4B4-8B78-4990-B898-CFA158518DA9}.DebugMac|iPhone.ActiveCfg = DebugMac|Any CPU
		{6669F4B4-8B78-4990-B898-CFA158518DA9}.DebugMac|iPhone.Build.0 = DebugMac|Any CPU
		{6669F4B4-8B78-4990-B898-CFA158518DA9}.DebugMac|iPhoneSimulator.ActiveCfg = DebugMac|Any CPU
		{6669F4B4-8B78-4990-B898-CFA158518DA9}.DebugMac|iPhoneSimulator.Build.0 = DebugMac|Any CPU
		{6669F4B4-8B78-4990-B898-CFA158518DA9}.DebugMac|x64.ActiveCfg = DebugMac|Any CPU
		{6669F4B4-8B78-4990-B898-CFA158518DA9}.DebugMac|x64.Build.0 = DebugMac|Any CPU
		{6669F4B4-8B78-4990-B898-CFA158518DA9}.DebugMac|x86.ActiveCfg = DebugMac|Any CPU
		{6669F4B4-8B78-4990-B898-CFA158518DA9}.DebugMac|x86.Build.0 = DebugMac|Any CPU
		{6669F4B4-8B78-4990-B898-CFA158518DA9}.Release|Any CPU.ActiveCfg = Release|Any CPU
		{6669F4B4-8B78-4990-B898-CFA158518DA9}.Release|Any CPU.Build.0 = Release|Any CPU
		{6669F4B4-8B78-4990-B898-CFA158518DA9}.Release|ARM.ActiveCfg = Release|Any CPU
		{6669F4B4-8B78-4990-B898-CFA158518DA9}.Release|ARM.Build.0 = Release|Any CPU
		{6669F4B4-8B78-4990-B898-CFA158518DA9}.Release|ARM64.ActiveCfg = Release|Any CPU
		{6669F4B4-8B78-4990-B898-CFA158518DA9}.Release|ARM64.Build.0 = Release|Any CPU
		{6669F4B4-8B78-4990-B898-CFA158518DA9}.Release|iPhone.ActiveCfg = Release|Any CPU
		{6669F4B4-8B78-4990-B898-CFA158518DA9}.Release|iPhone.Build.0 = Release|Any CPU
		{6669F4B4-8B78-4990-B898-CFA158518DA9}.Release|iPhoneSimulator.ActiveCfg = Release|Any CPU
		{6669F4B4-8B78-4990-B898-CFA158518DA9}.Release|iPhoneSimulator.Build.0 = Release|Any CPU
		{6669F4B4-8B78-4990-B898-CFA158518DA9}.Release|x64.ActiveCfg = Release|Any CPU
		{6669F4B4-8B78-4990-B898-CFA158518DA9}.Release|x64.Build.0 = Release|Any CPU
		{6669F4B4-8B78-4990-B898-CFA158518DA9}.Release|x86.ActiveCfg = Release|Any CPU
		{6669F4B4-8B78-4990-B898-CFA158518DA9}.Release|x86.Build.0 = Release|Any CPU
		{6669F4B4-8B78-4990-B898-CFA158518DA9}.ReleaseMac|Any CPU.ActiveCfg = ReleaseMac|Any CPU
		{6669F4B4-8B78-4990-B898-CFA158518DA9}.ReleaseMac|Any CPU.Build.0 = ReleaseMac|Any CPU
		{6669F4B4-8B78-4990-B898-CFA158518DA9}.ReleaseMac|ARM.ActiveCfg = ReleaseMac|Any CPU
		{6669F4B4-8B78-4990-B898-CFA158518DA9}.ReleaseMac|ARM.Build.0 = ReleaseMac|Any CPU
		{6669F4B4-8B78-4990-B898-CFA158518DA9}.ReleaseMac|ARM64.ActiveCfg = ReleaseMac|Any CPU
		{6669F4B4-8B78-4990-B898-CFA158518DA9}.ReleaseMac|ARM64.Build.0 = ReleaseMac|Any CPU
		{6669F4B4-8B78-4990-B898-CFA158518DA9}.ReleaseMac|iPhone.ActiveCfg = ReleaseMac|Any CPU
		{6669F4B4-8B78-4990-B898-CFA158518DA9}.ReleaseMac|iPhone.Build.0 = ReleaseMac|Any CPU
		{6669F4B4-8B78-4990-B898-CFA158518DA9}.ReleaseMac|iPhoneSimulator.ActiveCfg = ReleaseMac|Any CPU
		{6669F4B4-8B78-4990-B898-CFA158518DA9}.ReleaseMac|iPhoneSimulator.Build.0 = ReleaseMac|Any CPU
		{6669F4B4-8B78-4990-B898-CFA158518DA9}.ReleaseMac|x64.ActiveCfg = ReleaseMac|Any CPU
		{6669F4B4-8B78-4990-B898-CFA158518DA9}.ReleaseMac|x64.Build.0 = ReleaseMac|Any CPU
		{6669F4B4-8B78-4990-B898-CFA158518DA9}.ReleaseMac|x86.ActiveCfg = ReleaseMac|Any CPU
		{6669F4B4-8B78-4990-B898-CFA158518DA9}.ReleaseMac|x86.Build.0 = ReleaseMac|Any CPU
		{FCB5BD6A-7172-4728-ADE2-81AF7CEA0C21}.Ad-Hoc|Any CPU.ActiveCfg = ReleaseMac|Any CPU
		{FCB5BD6A-7172-4728-ADE2-81AF7CEA0C21}.Ad-Hoc|Any CPU.Build.0 = ReleaseMac|Any CPU
		{FCB5BD6A-7172-4728-ADE2-81AF7CEA0C21}.Ad-Hoc|ARM.ActiveCfg = ReleaseMac|Any CPU
		{FCB5BD6A-7172-4728-ADE2-81AF7CEA0C21}.Ad-Hoc|ARM.Build.0 = ReleaseMac|Any CPU
		{FCB5BD6A-7172-4728-ADE2-81AF7CEA0C21}.Ad-Hoc|ARM64.ActiveCfg = ReleaseMac|Any CPU
		{FCB5BD6A-7172-4728-ADE2-81AF7CEA0C21}.Ad-Hoc|ARM64.Build.0 = ReleaseMac|Any CPU
		{FCB5BD6A-7172-4728-ADE2-81AF7CEA0C21}.Ad-Hoc|iPhone.ActiveCfg = ReleaseMac|Any CPU
		{FCB5BD6A-7172-4728-ADE2-81AF7CEA0C21}.Ad-Hoc|iPhone.Build.0 = ReleaseMac|Any CPU
		{FCB5BD6A-7172-4728-ADE2-81AF7CEA0C21}.Ad-Hoc|iPhoneSimulator.ActiveCfg = ReleaseMac|Any CPU
		{FCB5BD6A-7172-4728-ADE2-81AF7CEA0C21}.Ad-Hoc|iPhoneSimulator.Build.0 = ReleaseMac|Any CPU
		{FCB5BD6A-7172-4728-ADE2-81AF7CEA0C21}.Ad-Hoc|x64.ActiveCfg = ReleaseMac|Any CPU
		{FCB5BD6A-7172-4728-ADE2-81AF7CEA0C21}.Ad-Hoc|x64.Build.0 = ReleaseMac|Any CPU
		{FCB5BD6A-7172-4728-ADE2-81AF7CEA0C21}.Ad-Hoc|x86.ActiveCfg = ReleaseMac|Any CPU
		{FCB5BD6A-7172-4728-ADE2-81AF7CEA0C21}.Ad-Hoc|x86.Build.0 = ReleaseMac|Any CPU
		{FCB5BD6A-7172-4728-ADE2-81AF7CEA0C21}.AppStore|Any CPU.ActiveCfg = ReleaseMac|Any CPU
		{FCB5BD6A-7172-4728-ADE2-81AF7CEA0C21}.AppStore|Any CPU.Build.0 = ReleaseMac|Any CPU
		{FCB5BD6A-7172-4728-ADE2-81AF7CEA0C21}.AppStore|ARM.ActiveCfg = ReleaseMac|Any CPU
		{FCB5BD6A-7172-4728-ADE2-81AF7CEA0C21}.AppStore|ARM.Build.0 = ReleaseMac|Any CPU
		{FCB5BD6A-7172-4728-ADE2-81AF7CEA0C21}.AppStore|ARM64.ActiveCfg = ReleaseMac|Any CPU
		{FCB5BD6A-7172-4728-ADE2-81AF7CEA0C21}.AppStore|ARM64.Build.0 = ReleaseMac|Any CPU
		{FCB5BD6A-7172-4728-ADE2-81AF7CEA0C21}.AppStore|iPhone.ActiveCfg = ReleaseMac|Any CPU
		{FCB5BD6A-7172-4728-ADE2-81AF7CEA0C21}.AppStore|iPhone.Build.0 = ReleaseMac|Any CPU
		{FCB5BD6A-7172-4728-ADE2-81AF7CEA0C21}.AppStore|iPhoneSimulator.ActiveCfg = ReleaseMac|Any CPU
		{FCB5BD6A-7172-4728-ADE2-81AF7CEA0C21}.AppStore|iPhoneSimulator.Build.0 = ReleaseMac|Any CPU
		{FCB5BD6A-7172-4728-ADE2-81AF7CEA0C21}.AppStore|x64.ActiveCfg = ReleaseMac|Any CPU
		{FCB5BD6A-7172-4728-ADE2-81AF7CEA0C21}.AppStore|x64.Build.0 = ReleaseMac|Any CPU
		{FCB5BD6A-7172-4728-ADE2-81AF7CEA0C21}.AppStore|x86.ActiveCfg = ReleaseMac|Any CPU
		{FCB5BD6A-7172-4728-ADE2-81AF7CEA0C21}.AppStore|x86.Build.0 = ReleaseMac|Any CPU
		{FCB5BD6A-7172-4728-ADE2-81AF7CEA0C21}.Debug|Any CPU.ActiveCfg = Debug|Any CPU
		{FCB5BD6A-7172-4728-ADE2-81AF7CEA0C21}.Debug|Any CPU.Build.0 = Debug|Any CPU
		{FCB5BD6A-7172-4728-ADE2-81AF7CEA0C21}.Debug|ARM.ActiveCfg = Debug|Any CPU
		{FCB5BD6A-7172-4728-ADE2-81AF7CEA0C21}.Debug|ARM.Build.0 = Debug|Any CPU
		{FCB5BD6A-7172-4728-ADE2-81AF7CEA0C21}.Debug|ARM64.ActiveCfg = Debug|Any CPU
		{FCB5BD6A-7172-4728-ADE2-81AF7CEA0C21}.Debug|ARM64.Build.0 = Debug|Any CPU
		{FCB5BD6A-7172-4728-ADE2-81AF7CEA0C21}.Debug|iPhone.ActiveCfg = Debug|Any CPU
		{FCB5BD6A-7172-4728-ADE2-81AF7CEA0C21}.Debug|iPhone.Build.0 = Debug|Any CPU
		{FCB5BD6A-7172-4728-ADE2-81AF7CEA0C21}.Debug|iPhoneSimulator.ActiveCfg = Debug|Any CPU
		{FCB5BD6A-7172-4728-ADE2-81AF7CEA0C21}.Debug|iPhoneSimulator.Build.0 = Debug|Any CPU
		{FCB5BD6A-7172-4728-ADE2-81AF7CEA0C21}.Debug|x64.ActiveCfg = Debug|Any CPU
		{FCB5BD6A-7172-4728-ADE2-81AF7CEA0C21}.Debug|x64.Build.0 = Debug|Any CPU
		{FCB5BD6A-7172-4728-ADE2-81AF7CEA0C21}.Debug|x86.ActiveCfg = Debug|Any CPU
		{FCB5BD6A-7172-4728-ADE2-81AF7CEA0C21}.Debug|x86.Build.0 = Debug|Any CPU
		{FCB5BD6A-7172-4728-ADE2-81AF7CEA0C21}.DebugMac|Any CPU.ActiveCfg = DebugMac|Any CPU
		{FCB5BD6A-7172-4728-ADE2-81AF7CEA0C21}.DebugMac|Any CPU.Build.0 = DebugMac|Any CPU
		{FCB5BD6A-7172-4728-ADE2-81AF7CEA0C21}.DebugMac|ARM.ActiveCfg = DebugMac|Any CPU
		{FCB5BD6A-7172-4728-ADE2-81AF7CEA0C21}.DebugMac|ARM.Build.0 = DebugMac|Any CPU
		{FCB5BD6A-7172-4728-ADE2-81AF7CEA0C21}.DebugMac|ARM64.ActiveCfg = DebugMac|Any CPU
		{FCB5BD6A-7172-4728-ADE2-81AF7CEA0C21}.DebugMac|ARM64.Build.0 = DebugMac|Any CPU
		{FCB5BD6A-7172-4728-ADE2-81AF7CEA0C21}.DebugMac|iPhone.ActiveCfg = DebugMac|Any CPU
		{FCB5BD6A-7172-4728-ADE2-81AF7CEA0C21}.DebugMac|iPhone.Build.0 = DebugMac|Any CPU
		{FCB5BD6A-7172-4728-ADE2-81AF7CEA0C21}.DebugMac|iPhoneSimulator.ActiveCfg = DebugMac|Any CPU
		{FCB5BD6A-7172-4728-ADE2-81AF7CEA0C21}.DebugMac|iPhoneSimulator.Build.0 = DebugMac|Any CPU
		{FCB5BD6A-7172-4728-ADE2-81AF7CEA0C21}.DebugMac|x64.ActiveCfg = DebugMac|Any CPU
		{FCB5BD6A-7172-4728-ADE2-81AF7CEA0C21}.DebugMac|x64.Build.0 = DebugMac|Any CPU
		{FCB5BD6A-7172-4728-ADE2-81AF7CEA0C21}.DebugMac|x86.ActiveCfg = DebugMac|Any CPU
		{FCB5BD6A-7172-4728-ADE2-81AF7CEA0C21}.DebugMac|x86.Build.0 = DebugMac|Any CPU
		{FCB5BD6A-7172-4728-ADE2-81AF7CEA0C21}.Release|Any CPU.ActiveCfg = Release|Any CPU
		{FCB5BD6A-7172-4728-ADE2-81AF7CEA0C21}.Release|Any CPU.Build.0 = Release|Any CPU
		{FCB5BD6A-7172-4728-ADE2-81AF7CEA0C21}.Release|ARM.ActiveCfg = Release|Any CPU
		{FCB5BD6A-7172-4728-ADE2-81AF7CEA0C21}.Release|ARM.Build.0 = Release|Any CPU
		{FCB5BD6A-7172-4728-ADE2-81AF7CEA0C21}.Release|ARM64.ActiveCfg = Release|Any CPU
		{FCB5BD6A-7172-4728-ADE2-81AF7CEA0C21}.Release|ARM64.Build.0 = Release|Any CPU
		{FCB5BD6A-7172-4728-ADE2-81AF7CEA0C21}.Release|iPhone.ActiveCfg = Release|Any CPU
		{FCB5BD6A-7172-4728-ADE2-81AF7CEA0C21}.Release|iPhone.Build.0 = Release|Any CPU
		{FCB5BD6A-7172-4728-ADE2-81AF7CEA0C21}.Release|iPhoneSimulator.ActiveCfg = Release|Any CPU
		{FCB5BD6A-7172-4728-ADE2-81AF7CEA0C21}.Release|iPhoneSimulator.Build.0 = Release|Any CPU
		{FCB5BD6A-7172-4728-ADE2-81AF7CEA0C21}.Release|x64.ActiveCfg = Release|Any CPU
		{FCB5BD6A-7172-4728-ADE2-81AF7CEA0C21}.Release|x64.Build.0 = Release|Any CPU
		{FCB5BD6A-7172-4728-ADE2-81AF7CEA0C21}.Release|x86.ActiveCfg = Release|Any CPU
		{FCB5BD6A-7172-4728-ADE2-81AF7CEA0C21}.Release|x86.Build.0 = Release|Any CPU
		{FCB5BD6A-7172-4728-ADE2-81AF7CEA0C21}.ReleaseMac|Any CPU.ActiveCfg = ReleaseMac|Any CPU
		{FCB5BD6A-7172-4728-ADE2-81AF7CEA0C21}.ReleaseMac|Any CPU.Build.0 = ReleaseMac|Any CPU
		{FCB5BD6A-7172-4728-ADE2-81AF7CEA0C21}.ReleaseMac|ARM.ActiveCfg = ReleaseMac|Any CPU
		{FCB5BD6A-7172-4728-ADE2-81AF7CEA0C21}.ReleaseMac|ARM.Build.0 = ReleaseMac|Any CPU
		{FCB5BD6A-7172-4728-ADE2-81AF7CEA0C21}.ReleaseMac|ARM64.ActiveCfg = ReleaseMac|Any CPU
		{FCB5BD6A-7172-4728-ADE2-81AF7CEA0C21}.ReleaseMac|ARM64.Build.0 = ReleaseMac|Any CPU
		{FCB5BD6A-7172-4728-ADE2-81AF7CEA0C21}.ReleaseMac|iPhone.ActiveCfg = ReleaseMac|Any CPU
		{FCB5BD6A-7172-4728-ADE2-81AF7CEA0C21}.ReleaseMac|iPhone.Build.0 = ReleaseMac|Any CPU
		{FCB5BD6A-7172-4728-ADE2-81AF7CEA0C21}.ReleaseMac|iPhoneSimulator.ActiveCfg = ReleaseMac|Any CPU
		{FCB5BD6A-7172-4728-ADE2-81AF7CEA0C21}.ReleaseMac|iPhoneSimulator.Build.0 = ReleaseMac|Any CPU
		{FCB5BD6A-7172-4728-ADE2-81AF7CEA0C21}.ReleaseMac|x64.ActiveCfg = ReleaseMac|Any CPU
		{FCB5BD6A-7172-4728-ADE2-81AF7CEA0C21}.ReleaseMac|x64.Build.0 = ReleaseMac|Any CPU
		{FCB5BD6A-7172-4728-ADE2-81AF7CEA0C21}.ReleaseMac|x86.ActiveCfg = ReleaseMac|Any CPU
		{FCB5BD6A-7172-4728-ADE2-81AF7CEA0C21}.ReleaseMac|x86.Build.0 = ReleaseMac|Any CPU
		{00F8EE47-87CD-4713-9E8E-5132DCBE391D}.Ad-Hoc|Any CPU.ActiveCfg = Release|Any CPU
		{00F8EE47-87CD-4713-9E8E-5132DCBE391D}.Ad-Hoc|Any CPU.Build.0 = Release|Any CPU
		{00F8EE47-87CD-4713-9E8E-5132DCBE391D}.Ad-Hoc|ARM.ActiveCfg = Release|Any CPU
		{00F8EE47-87CD-4713-9E8E-5132DCBE391D}.Ad-Hoc|ARM.Build.0 = Release|Any CPU
		{00F8EE47-87CD-4713-9E8E-5132DCBE391D}.Ad-Hoc|ARM64.ActiveCfg = Release|Any CPU
		{00F8EE47-87CD-4713-9E8E-5132DCBE391D}.Ad-Hoc|ARM64.Build.0 = Release|Any CPU
		{00F8EE47-87CD-4713-9E8E-5132DCBE391D}.Ad-Hoc|iPhone.ActiveCfg = Release|Any CPU
		{00F8EE47-87CD-4713-9E8E-5132DCBE391D}.Ad-Hoc|iPhone.Build.0 = Release|Any CPU
		{00F8EE47-87CD-4713-9E8E-5132DCBE391D}.Ad-Hoc|iPhoneSimulator.ActiveCfg = Release|Any CPU
		{00F8EE47-87CD-4713-9E8E-5132DCBE391D}.Ad-Hoc|iPhoneSimulator.Build.0 = Release|Any CPU
		{00F8EE47-87CD-4713-9E8E-5132DCBE391D}.Ad-Hoc|x64.ActiveCfg = Release|Any CPU
		{00F8EE47-87CD-4713-9E8E-5132DCBE391D}.Ad-Hoc|x64.Build.0 = Release|Any CPU
		{00F8EE47-87CD-4713-9E8E-5132DCBE391D}.Ad-Hoc|x86.ActiveCfg = Release|Any CPU
		{00F8EE47-87CD-4713-9E8E-5132DCBE391D}.Ad-Hoc|x86.Build.0 = Release|Any CPU
		{00F8EE47-87CD-4713-9E8E-5132DCBE391D}.AppStore|Any CPU.ActiveCfg = Release|Any CPU
		{00F8EE47-87CD-4713-9E8E-5132DCBE391D}.AppStore|Any CPU.Build.0 = Release|Any CPU
		{00F8EE47-87CD-4713-9E8E-5132DCBE391D}.AppStore|ARM.ActiveCfg = Release|Any CPU
		{00F8EE47-87CD-4713-9E8E-5132DCBE391D}.AppStore|ARM.Build.0 = Release|Any CPU
		{00F8EE47-87CD-4713-9E8E-5132DCBE391D}.AppStore|ARM64.ActiveCfg = Release|Any CPU
		{00F8EE47-87CD-4713-9E8E-5132DCBE391D}.AppStore|ARM64.Build.0 = Release|Any CPU
		{00F8EE47-87CD-4713-9E8E-5132DCBE391D}.AppStore|iPhone.ActiveCfg = Release|Any CPU
		{00F8EE47-87CD-4713-9E8E-5132DCBE391D}.AppStore|iPhone.Build.0 = Release|Any CPU
		{00F8EE47-87CD-4713-9E8E-5132DCBE391D}.AppStore|iPhoneSimulator.ActiveCfg = Release|Any CPU
		{00F8EE47-87CD-4713-9E8E-5132DCBE391D}.AppStore|iPhoneSimulator.Build.0 = Release|Any CPU
		{00F8EE47-87CD-4713-9E8E-5132DCBE391D}.AppStore|x64.ActiveCfg = Release|Any CPU
		{00F8EE47-87CD-4713-9E8E-5132DCBE391D}.AppStore|x64.Build.0 = Release|Any CPU
		{00F8EE47-87CD-4713-9E8E-5132DCBE391D}.AppStore|x86.ActiveCfg = Release|Any CPU
		{00F8EE47-87CD-4713-9E8E-5132DCBE391D}.AppStore|x86.Build.0 = Release|Any CPU
		{00F8EE47-87CD-4713-9E8E-5132DCBE391D}.Debug|Any CPU.ActiveCfg = Debug|Any CPU
		{00F8EE47-87CD-4713-9E8E-5132DCBE391D}.Debug|Any CPU.Build.0 = Debug|Any CPU
		{00F8EE47-87CD-4713-9E8E-5132DCBE391D}.Debug|ARM.ActiveCfg = Debug|Any CPU
		{00F8EE47-87CD-4713-9E8E-5132DCBE391D}.Debug|ARM.Build.0 = Debug|Any CPU
		{00F8EE47-87CD-4713-9E8E-5132DCBE391D}.Debug|ARM64.ActiveCfg = Debug|Any CPU
		{00F8EE47-87CD-4713-9E8E-5132DCBE391D}.Debug|ARM64.Build.0 = Debug|Any CPU
		{00F8EE47-87CD-4713-9E8E-5132DCBE391D}.Debug|iPhone.ActiveCfg = Debug|Any CPU
		{00F8EE47-87CD-4713-9E8E-5132DCBE391D}.Debug|iPhone.Build.0 = Debug|Any CPU
		{00F8EE47-87CD-4713-9E8E-5132DCBE391D}.Debug|iPhoneSimulator.ActiveCfg = Debug|Any CPU
		{00F8EE47-87CD-4713-9E8E-5132DCBE391D}.Debug|iPhoneSimulator.Build.0 = Debug|Any CPU
		{00F8EE47-87CD-4713-9E8E-5132DCBE391D}.Debug|x64.ActiveCfg = Debug|Any CPU
		{00F8EE47-87CD-4713-9E8E-5132DCBE391D}.Debug|x64.Build.0 = Debug|Any CPU
		{00F8EE47-87CD-4713-9E8E-5132DCBE391D}.Debug|x86.ActiveCfg = Debug|Any CPU
		{00F8EE47-87CD-4713-9E8E-5132DCBE391D}.Debug|x86.Build.0 = Debug|Any CPU
		{00F8EE47-87CD-4713-9E8E-5132DCBE391D}.DebugMac|Any CPU.ActiveCfg = Debug|Any CPU
		{00F8EE47-87CD-4713-9E8E-5132DCBE391D}.DebugMac|Any CPU.Build.0 = Debug|Any CPU
		{00F8EE47-87CD-4713-9E8E-5132DCBE391D}.DebugMac|ARM.ActiveCfg = Debug|Any CPU
		{00F8EE47-87CD-4713-9E8E-5132DCBE391D}.DebugMac|ARM.Build.0 = Debug|Any CPU
		{00F8EE47-87CD-4713-9E8E-5132DCBE391D}.DebugMac|ARM64.ActiveCfg = Debug|Any CPU
		{00F8EE47-87CD-4713-9E8E-5132DCBE391D}.DebugMac|ARM64.Build.0 = Debug|Any CPU
		{00F8EE47-87CD-4713-9E8E-5132DCBE391D}.DebugMac|iPhone.ActiveCfg = Debug|Any CPU
		{00F8EE47-87CD-4713-9E8E-5132DCBE391D}.DebugMac|iPhone.Build.0 = Debug|Any CPU
		{00F8EE47-87CD-4713-9E8E-5132DCBE391D}.DebugMac|iPhoneSimulator.ActiveCfg = Debug|Any CPU
		{00F8EE47-87CD-4713-9E8E-5132DCBE391D}.DebugMac|iPhoneSimulator.Build.0 = Debug|Any CPU
		{00F8EE47-87CD-4713-9E8E-5132DCBE391D}.DebugMac|x64.ActiveCfg = Debug|Any CPU
		{00F8EE47-87CD-4713-9E8E-5132DCBE391D}.DebugMac|x64.Build.0 = Debug|Any CPU
		{00F8EE47-87CD-4713-9E8E-5132DCBE391D}.DebugMac|x86.ActiveCfg = Debug|Any CPU
		{00F8EE47-87CD-4713-9E8E-5132DCBE391D}.DebugMac|x86.Build.0 = Debug|Any CPU
		{00F8EE47-87CD-4713-9E8E-5132DCBE391D}.Release|Any CPU.ActiveCfg = Release|Any CPU
		{00F8EE47-87CD-4713-9E8E-5132DCBE391D}.Release|Any CPU.Build.0 = Release|Any CPU
		{00F8EE47-87CD-4713-9E8E-5132DCBE391D}.Release|ARM.ActiveCfg = Release|Any CPU
		{00F8EE47-87CD-4713-9E8E-5132DCBE391D}.Release|ARM.Build.0 = Release|Any CPU
		{00F8EE47-87CD-4713-9E8E-5132DCBE391D}.Release|ARM64.ActiveCfg = Release|Any CPU
		{00F8EE47-87CD-4713-9E8E-5132DCBE391D}.Release|ARM64.Build.0 = Release|Any CPU
		{00F8EE47-87CD-4713-9E8E-5132DCBE391D}.Release|iPhone.ActiveCfg = Release|Any CPU
		{00F8EE47-87CD-4713-9E8E-5132DCBE391D}.Release|iPhone.Build.0 = Release|Any CPU
		{00F8EE47-87CD-4713-9E8E-5132DCBE391D}.Release|iPhoneSimulator.ActiveCfg = Release|Any CPU
		{00F8EE47-87CD-4713-9E8E-5132DCBE391D}.Release|iPhoneSimulator.Build.0 = Release|Any CPU
		{00F8EE47-87CD-4713-9E8E-5132DCBE391D}.Release|x64.ActiveCfg = Release|Any CPU
		{00F8EE47-87CD-4713-9E8E-5132DCBE391D}.Release|x64.Build.0 = Release|Any CPU
		{00F8EE47-87CD-4713-9E8E-5132DCBE391D}.Release|x86.ActiveCfg = Release|Any CPU
		{00F8EE47-87CD-4713-9E8E-5132DCBE391D}.Release|x86.Build.0 = Release|Any CPU
		{00F8EE47-87CD-4713-9E8E-5132DCBE391D}.ReleaseMac|Any CPU.ActiveCfg = Release|Any CPU
		{00F8EE47-87CD-4713-9E8E-5132DCBE391D}.ReleaseMac|Any CPU.Build.0 = Release|Any CPU
		{00F8EE47-87CD-4713-9E8E-5132DCBE391D}.ReleaseMac|ARM.ActiveCfg = Release|Any CPU
		{00F8EE47-87CD-4713-9E8E-5132DCBE391D}.ReleaseMac|ARM.Build.0 = Release|Any CPU
		{00F8EE47-87CD-4713-9E8E-5132DCBE391D}.ReleaseMac|ARM64.ActiveCfg = Release|Any CPU
		{00F8EE47-87CD-4713-9E8E-5132DCBE391D}.ReleaseMac|ARM64.Build.0 = Release|Any CPU
		{00F8EE47-87CD-4713-9E8E-5132DCBE391D}.ReleaseMac|iPhone.ActiveCfg = Release|Any CPU
		{00F8EE47-87CD-4713-9E8E-5132DCBE391D}.ReleaseMac|iPhone.Build.0 = Release|Any CPU
		{00F8EE47-87CD-4713-9E8E-5132DCBE391D}.ReleaseMac|iPhoneSimulator.ActiveCfg = Release|Any CPU
		{00F8EE47-87CD-4713-9E8E-5132DCBE391D}.ReleaseMac|iPhoneSimulator.Build.0 = Release|Any CPU
		{00F8EE47-87CD-4713-9E8E-5132DCBE391D}.ReleaseMac|x64.ActiveCfg = Release|Any CPU
		{00F8EE47-87CD-4713-9E8E-5132DCBE391D}.ReleaseMac|x64.Build.0 = Release|Any CPU
		{00F8EE47-87CD-4713-9E8E-5132DCBE391D}.ReleaseMac|x86.ActiveCfg = Release|Any CPU
		{00F8EE47-87CD-4713-9E8E-5132DCBE391D}.ReleaseMac|x86.Build.0 = Release|Any CPU
		{E4827B0E-394B-417F-BCD3-F417F7FE2DA3}.Ad-Hoc|Any CPU.ActiveCfg = Debug|Any CPU
		{E4827B0E-394B-417F-BCD3-F417F7FE2DA3}.Ad-Hoc|Any CPU.Build.0 = Debug|Any CPU
		{E4827B0E-394B-417F-BCD3-F417F7FE2DA3}.Ad-Hoc|Any CPU.Deploy.0 = Debug|Any CPU
		{E4827B0E-394B-417F-BCD3-F417F7FE2DA3}.Ad-Hoc|ARM.ActiveCfg = Debug|Any CPU
		{E4827B0E-394B-417F-BCD3-F417F7FE2DA3}.Ad-Hoc|ARM.Build.0 = Debug|Any CPU
		{E4827B0E-394B-417F-BCD3-F417F7FE2DA3}.Ad-Hoc|ARM.Deploy.0 = Debug|Any CPU
		{E4827B0E-394B-417F-BCD3-F417F7FE2DA3}.Ad-Hoc|ARM64.ActiveCfg = Debug|Any CPU
		{E4827B0E-394B-417F-BCD3-F417F7FE2DA3}.Ad-Hoc|ARM64.Build.0 = Debug|Any CPU
		{E4827B0E-394B-417F-BCD3-F417F7FE2DA3}.Ad-Hoc|ARM64.Deploy.0 = Debug|Any CPU
		{E4827B0E-394B-417F-BCD3-F417F7FE2DA3}.Ad-Hoc|iPhone.ActiveCfg = Debug|Any CPU
		{E4827B0E-394B-417F-BCD3-F417F7FE2DA3}.Ad-Hoc|iPhone.Build.0 = Debug|Any CPU
		{E4827B0E-394B-417F-BCD3-F417F7FE2DA3}.Ad-Hoc|iPhone.Deploy.0 = Debug|Any CPU
		{E4827B0E-394B-417F-BCD3-F417F7FE2DA3}.Ad-Hoc|iPhoneSimulator.ActiveCfg = Debug|Any CPU
		{E4827B0E-394B-417F-BCD3-F417F7FE2DA3}.Ad-Hoc|iPhoneSimulator.Build.0 = Debug|Any CPU
		{E4827B0E-394B-417F-BCD3-F417F7FE2DA3}.Ad-Hoc|iPhoneSimulator.Deploy.0 = Debug|Any CPU
		{E4827B0E-394B-417F-BCD3-F417F7FE2DA3}.Ad-Hoc|x64.ActiveCfg = Debug|Any CPU
		{E4827B0E-394B-417F-BCD3-F417F7FE2DA3}.Ad-Hoc|x64.Build.0 = Debug|Any CPU
		{E4827B0E-394B-417F-BCD3-F417F7FE2DA3}.Ad-Hoc|x64.Deploy.0 = Debug|Any CPU
		{E4827B0E-394B-417F-BCD3-F417F7FE2DA3}.Ad-Hoc|x86.ActiveCfg = Debug|Any CPU
		{E4827B0E-394B-417F-BCD3-F417F7FE2DA3}.Ad-Hoc|x86.Build.0 = Debug|Any CPU
		{E4827B0E-394B-417F-BCD3-F417F7FE2DA3}.Ad-Hoc|x86.Deploy.0 = Debug|Any CPU
		{E4827B0E-394B-417F-BCD3-F417F7FE2DA3}.AppStore|Any CPU.ActiveCfg = Debug|Any CPU
		{E4827B0E-394B-417F-BCD3-F417F7FE2DA3}.AppStore|Any CPU.Build.0 = Debug|Any CPU
		{E4827B0E-394B-417F-BCD3-F417F7FE2DA3}.AppStore|Any CPU.Deploy.0 = Debug|Any CPU
		{E4827B0E-394B-417F-BCD3-F417F7FE2DA3}.AppStore|ARM.ActiveCfg = Debug|Any CPU
		{E4827B0E-394B-417F-BCD3-F417F7FE2DA3}.AppStore|ARM.Build.0 = Debug|Any CPU
		{E4827B0E-394B-417F-BCD3-F417F7FE2DA3}.AppStore|ARM.Deploy.0 = Debug|Any CPU
		{E4827B0E-394B-417F-BCD3-F417F7FE2DA3}.AppStore|ARM64.ActiveCfg = Debug|Any CPU
		{E4827B0E-394B-417F-BCD3-F417F7FE2DA3}.AppStore|ARM64.Build.0 = Debug|Any CPU
		{E4827B0E-394B-417F-BCD3-F417F7FE2DA3}.AppStore|ARM64.Deploy.0 = Debug|Any CPU
		{E4827B0E-394B-417F-BCD3-F417F7FE2DA3}.AppStore|iPhone.ActiveCfg = Debug|Any CPU
		{E4827B0E-394B-417F-BCD3-F417F7FE2DA3}.AppStore|iPhone.Build.0 = Debug|Any CPU
		{E4827B0E-394B-417F-BCD3-F417F7FE2DA3}.AppStore|iPhone.Deploy.0 = Debug|Any CPU
		{E4827B0E-394B-417F-BCD3-F417F7FE2DA3}.AppStore|iPhoneSimulator.ActiveCfg = Debug|Any CPU
		{E4827B0E-394B-417F-BCD3-F417F7FE2DA3}.AppStore|iPhoneSimulator.Build.0 = Debug|Any CPU
		{E4827B0E-394B-417F-BCD3-F417F7FE2DA3}.AppStore|iPhoneSimulator.Deploy.0 = Debug|Any CPU
		{E4827B0E-394B-417F-BCD3-F417F7FE2DA3}.AppStore|x64.ActiveCfg = Debug|Any CPU
		{E4827B0E-394B-417F-BCD3-F417F7FE2DA3}.AppStore|x64.Build.0 = Debug|Any CPU
		{E4827B0E-394B-417F-BCD3-F417F7FE2DA3}.AppStore|x64.Deploy.0 = Debug|Any CPU
		{E4827B0E-394B-417F-BCD3-F417F7FE2DA3}.AppStore|x86.ActiveCfg = Debug|Any CPU
		{E4827B0E-394B-417F-BCD3-F417F7FE2DA3}.AppStore|x86.Build.0 = Debug|Any CPU
		{E4827B0E-394B-417F-BCD3-F417F7FE2DA3}.AppStore|x86.Deploy.0 = Debug|Any CPU
		{E4827B0E-394B-417F-BCD3-F417F7FE2DA3}.Debug|Any CPU.ActiveCfg = Debug|Any CPU
		{E4827B0E-394B-417F-BCD3-F417F7FE2DA3}.Debug|Any CPU.Build.0 = Debug|Any CPU
		{E4827B0E-394B-417F-BCD3-F417F7FE2DA3}.Debug|Any CPU.Deploy.0 = Debug|Any CPU
		{E4827B0E-394B-417F-BCD3-F417F7FE2DA3}.Debug|ARM.ActiveCfg = Debug|Any CPU
		{E4827B0E-394B-417F-BCD3-F417F7FE2DA3}.Debug|ARM.Build.0 = Debug|Any CPU
		{E4827B0E-394B-417F-BCD3-F417F7FE2DA3}.Debug|ARM.Deploy.0 = Debug|Any CPU
		{E4827B0E-394B-417F-BCD3-F417F7FE2DA3}.Debug|ARM64.ActiveCfg = Debug|Any CPU
		{E4827B0E-394B-417F-BCD3-F417F7FE2DA3}.Debug|ARM64.Build.0 = Debug|Any CPU
		{E4827B0E-394B-417F-BCD3-F417F7FE2DA3}.Debug|ARM64.Deploy.0 = Debug|Any CPU
		{E4827B0E-394B-417F-BCD3-F417F7FE2DA3}.Debug|iPhone.ActiveCfg = Debug|Any CPU
		{E4827B0E-394B-417F-BCD3-F417F7FE2DA3}.Debug|iPhone.Build.0 = Debug|Any CPU
		{E4827B0E-394B-417F-BCD3-F417F7FE2DA3}.Debug|iPhone.Deploy.0 = Debug|Any CPU
		{E4827B0E-394B-417F-BCD3-F417F7FE2DA3}.Debug|iPhoneSimulator.ActiveCfg = Debug|Any CPU
		{E4827B0E-394B-417F-BCD3-F417F7FE2DA3}.Debug|iPhoneSimulator.Build.0 = Debug|Any CPU
		{E4827B0E-394B-417F-BCD3-F417F7FE2DA3}.Debug|iPhoneSimulator.Deploy.0 = Debug|Any CPU
		{E4827B0E-394B-417F-BCD3-F417F7FE2DA3}.Debug|x64.ActiveCfg = Debug|Any CPU
		{E4827B0E-394B-417F-BCD3-F417F7FE2DA3}.Debug|x64.Build.0 = Debug|Any CPU
		{E4827B0E-394B-417F-BCD3-F417F7FE2DA3}.Debug|x64.Deploy.0 = Debug|Any CPU
		{E4827B0E-394B-417F-BCD3-F417F7FE2DA3}.Debug|x86.ActiveCfg = Debug|Any CPU
		{E4827B0E-394B-417F-BCD3-F417F7FE2DA3}.Debug|x86.Build.0 = Debug|Any CPU
		{E4827B0E-394B-417F-BCD3-F417F7FE2DA3}.Debug|x86.Deploy.0 = Debug|Any CPU
		{E4827B0E-394B-417F-BCD3-F417F7FE2DA3}.DebugMac|Any CPU.ActiveCfg = Debug|Any CPU
		{E4827B0E-394B-417F-BCD3-F417F7FE2DA3}.DebugMac|Any CPU.Build.0 = Debug|Any CPU
		{E4827B0E-394B-417F-BCD3-F417F7FE2DA3}.DebugMac|Any CPU.Deploy.0 = Debug|Any CPU
		{E4827B0E-394B-417F-BCD3-F417F7FE2DA3}.DebugMac|ARM.ActiveCfg = Debug|Any CPU
		{E4827B0E-394B-417F-BCD3-F417F7FE2DA3}.DebugMac|ARM.Build.0 = Debug|Any CPU
		{E4827B0E-394B-417F-BCD3-F417F7FE2DA3}.DebugMac|ARM.Deploy.0 = Debug|Any CPU
		{E4827B0E-394B-417F-BCD3-F417F7FE2DA3}.DebugMac|ARM64.ActiveCfg = Debug|Any CPU
		{E4827B0E-394B-417F-BCD3-F417F7FE2DA3}.DebugMac|ARM64.Build.0 = Debug|Any CPU
		{E4827B0E-394B-417F-BCD3-F417F7FE2DA3}.DebugMac|ARM64.Deploy.0 = Debug|Any CPU
		{E4827B0E-394B-417F-BCD3-F417F7FE2DA3}.DebugMac|iPhone.ActiveCfg = Debug|Any CPU
		{E4827B0E-394B-417F-BCD3-F417F7FE2DA3}.DebugMac|iPhone.Build.0 = Debug|Any CPU
		{E4827B0E-394B-417F-BCD3-F417F7FE2DA3}.DebugMac|iPhone.Deploy.0 = Debug|Any CPU
		{E4827B0E-394B-417F-BCD3-F417F7FE2DA3}.DebugMac|iPhoneSimulator.ActiveCfg = Debug|Any CPU
		{E4827B0E-394B-417F-BCD3-F417F7FE2DA3}.DebugMac|iPhoneSimulator.Build.0 = Debug|Any CPU
		{E4827B0E-394B-417F-BCD3-F417F7FE2DA3}.DebugMac|iPhoneSimulator.Deploy.0 = Debug|Any CPU
		{E4827B0E-394B-417F-BCD3-F417F7FE2DA3}.DebugMac|x64.ActiveCfg = Debug|Any CPU
		{E4827B0E-394B-417F-BCD3-F417F7FE2DA3}.DebugMac|x64.Build.0 = Debug|Any CPU
		{E4827B0E-394B-417F-BCD3-F417F7FE2DA3}.DebugMac|x64.Deploy.0 = Debug|Any CPU
		{E4827B0E-394B-417F-BCD3-F417F7FE2DA3}.DebugMac|x86.ActiveCfg = Debug|Any CPU
		{E4827B0E-394B-417F-BCD3-F417F7FE2DA3}.DebugMac|x86.Build.0 = Debug|Any CPU
		{E4827B0E-394B-417F-BCD3-F417F7FE2DA3}.DebugMac|x86.Deploy.0 = Debug|Any CPU
		{E4827B0E-394B-417F-BCD3-F417F7FE2DA3}.Release|Any CPU.ActiveCfg = Release|Any CPU
		{E4827B0E-394B-417F-BCD3-F417F7FE2DA3}.Release|Any CPU.Build.0 = Release|Any CPU
		{E4827B0E-394B-417F-BCD3-F417F7FE2DA3}.Release|Any CPU.Deploy.0 = Release|Any CPU
		{E4827B0E-394B-417F-BCD3-F417F7FE2DA3}.Release|ARM.ActiveCfg = Release|Any CPU
		{E4827B0E-394B-417F-BCD3-F417F7FE2DA3}.Release|ARM.Build.0 = Release|Any CPU
		{E4827B0E-394B-417F-BCD3-F417F7FE2DA3}.Release|ARM.Deploy.0 = Release|Any CPU
		{E4827B0E-394B-417F-BCD3-F417F7FE2DA3}.Release|ARM64.ActiveCfg = Release|Any CPU
		{E4827B0E-394B-417F-BCD3-F417F7FE2DA3}.Release|ARM64.Build.0 = Release|Any CPU
		{E4827B0E-394B-417F-BCD3-F417F7FE2DA3}.Release|ARM64.Deploy.0 = Release|Any CPU
		{E4827B0E-394B-417F-BCD3-F417F7FE2DA3}.Release|iPhone.ActiveCfg = Release|Any CPU
		{E4827B0E-394B-417F-BCD3-F417F7FE2DA3}.Release|iPhone.Build.0 = Release|Any CPU
		{E4827B0E-394B-417F-BCD3-F417F7FE2DA3}.Release|iPhone.Deploy.0 = Release|Any CPU
		{E4827B0E-394B-417F-BCD3-F417F7FE2DA3}.Release|iPhoneSimulator.ActiveCfg = Release|Any CPU
		{E4827B0E-394B-417F-BCD3-F417F7FE2DA3}.Release|iPhoneSimulator.Build.0 = Release|Any CPU
		{E4827B0E-394B-417F-BCD3-F417F7FE2DA3}.Release|iPhoneSimulator.Deploy.0 = Release|Any CPU
		{E4827B0E-394B-417F-BCD3-F417F7FE2DA3}.Release|x64.ActiveCfg = Release|Any CPU
		{E4827B0E-394B-417F-BCD3-F417F7FE2DA3}.Release|x64.Build.0 = Release|Any CPU
		{E4827B0E-394B-417F-BCD3-F417F7FE2DA3}.Release|x64.Deploy.0 = Release|Any CPU
		{E4827B0E-394B-417F-BCD3-F417F7FE2DA3}.Release|x86.ActiveCfg = Release|Any CPU
		{E4827B0E-394B-417F-BCD3-F417F7FE2DA3}.Release|x86.Build.0 = Release|Any CPU
		{E4827B0E-394B-417F-BCD3-F417F7FE2DA3}.Release|x86.Deploy.0 = Release|Any CPU
		{E4827B0E-394B-417F-BCD3-F417F7FE2DA3}.ReleaseMac|Any CPU.ActiveCfg = Release|Any CPU
		{E4827B0E-394B-417F-BCD3-F417F7FE2DA3}.ReleaseMac|Any CPU.Build.0 = Release|Any CPU
		{E4827B0E-394B-417F-BCD3-F417F7FE2DA3}.ReleaseMac|Any CPU.Deploy.0 = Release|Any CPU
		{E4827B0E-394B-417F-BCD3-F417F7FE2DA3}.ReleaseMac|ARM.ActiveCfg = Release|Any CPU
		{E4827B0E-394B-417F-BCD3-F417F7FE2DA3}.ReleaseMac|ARM.Build.0 = Release|Any CPU
		{E4827B0E-394B-417F-BCD3-F417F7FE2DA3}.ReleaseMac|ARM.Deploy.0 = Release|Any CPU
		{E4827B0E-394B-417F-BCD3-F417F7FE2DA3}.ReleaseMac|ARM64.ActiveCfg = Release|Any CPU
		{E4827B0E-394B-417F-BCD3-F417F7FE2DA3}.ReleaseMac|ARM64.Build.0 = Release|Any CPU
		{E4827B0E-394B-417F-BCD3-F417F7FE2DA3}.ReleaseMac|ARM64.Deploy.0 = Release|Any CPU
		{E4827B0E-394B-417F-BCD3-F417F7FE2DA3}.ReleaseMac|iPhone.ActiveCfg = Release|Any CPU
		{E4827B0E-394B-417F-BCD3-F417F7FE2DA3}.ReleaseMac|iPhone.Build.0 = Release|Any CPU
		{E4827B0E-394B-417F-BCD3-F417F7FE2DA3}.ReleaseMac|iPhone.Deploy.0 = Release|Any CPU
		{E4827B0E-394B-417F-BCD3-F417F7FE2DA3}.ReleaseMac|iPhoneSimulator.ActiveCfg = Release|Any CPU
		{E4827B0E-394B-417F-BCD3-F417F7FE2DA3}.ReleaseMac|iPhoneSimulator.Build.0 = Release|Any CPU
		{E4827B0E-394B-417F-BCD3-F417F7FE2DA3}.ReleaseMac|iPhoneSimulator.Deploy.0 = Release|Any CPU
		{E4827B0E-394B-417F-BCD3-F417F7FE2DA3}.ReleaseMac|x64.ActiveCfg = Release|Any CPU
		{E4827B0E-394B-417F-BCD3-F417F7FE2DA3}.ReleaseMac|x64.Build.0 = Release|Any CPU
		{E4827B0E-394B-417F-BCD3-F417F7FE2DA3}.ReleaseMac|x64.Deploy.0 = Release|Any CPU
		{E4827B0E-394B-417F-BCD3-F417F7FE2DA3}.ReleaseMac|x86.ActiveCfg = Release|Any CPU
		{E4827B0E-394B-417F-BCD3-F417F7FE2DA3}.ReleaseMac|x86.Build.0 = Release|Any CPU
		{E4827B0E-394B-417F-BCD3-F417F7FE2DA3}.ReleaseMac|x86.Deploy.0 = Release|Any CPU
		{3F0B3E3D-30DA-4878-AD38-D2248A49C7B6}.Ad-Hoc|Any CPU.ActiveCfg = Ad-Hoc|iPhoneSimulator
		{3F0B3E3D-30DA-4878-AD38-D2248A49C7B6}.Ad-Hoc|ARM.ActiveCfg = Ad-Hoc|iPhoneSimulator
		{3F0B3E3D-30DA-4878-AD38-D2248A49C7B6}.Ad-Hoc|ARM64.ActiveCfg = Ad-Hoc|iPhoneSimulator
		{3F0B3E3D-30DA-4878-AD38-D2248A49C7B6}.Ad-Hoc|iPhone.ActiveCfg = Ad-Hoc|iPhone
		{3F0B3E3D-30DA-4878-AD38-D2248A49C7B6}.Ad-Hoc|iPhone.Build.0 = Ad-Hoc|iPhone
		{3F0B3E3D-30DA-4878-AD38-D2248A49C7B6}.Ad-Hoc|iPhoneSimulator.ActiveCfg = Ad-Hoc|iPhoneSimulator
		{3F0B3E3D-30DA-4878-AD38-D2248A49C7B6}.Ad-Hoc|iPhoneSimulator.Build.0 = Ad-Hoc|iPhoneSimulator
		{3F0B3E3D-30DA-4878-AD38-D2248A49C7B6}.Ad-Hoc|x64.ActiveCfg = Ad-Hoc|iPhoneSimulator
		{3F0B3E3D-30DA-4878-AD38-D2248A49C7B6}.Ad-Hoc|x86.ActiveCfg = Ad-Hoc|iPhoneSimulator
		{3F0B3E3D-30DA-4878-AD38-D2248A49C7B6}.AppStore|Any CPU.ActiveCfg = AppStore|iPhoneSimulator
		{3F0B3E3D-30DA-4878-AD38-D2248A49C7B6}.AppStore|ARM.ActiveCfg = AppStore|iPhoneSimulator
		{3F0B3E3D-30DA-4878-AD38-D2248A49C7B6}.AppStore|ARM64.ActiveCfg = AppStore|iPhoneSimulator
		{3F0B3E3D-30DA-4878-AD38-D2248A49C7B6}.AppStore|iPhone.ActiveCfg = AppStore|iPhone
		{3F0B3E3D-30DA-4878-AD38-D2248A49C7B6}.AppStore|iPhone.Build.0 = AppStore|iPhone
		{3F0B3E3D-30DA-4878-AD38-D2248A49C7B6}.AppStore|iPhoneSimulator.ActiveCfg = AppStore|iPhoneSimulator
		{3F0B3E3D-30DA-4878-AD38-D2248A49C7B6}.AppStore|iPhoneSimulator.Build.0 = AppStore|iPhoneSimulator
		{3F0B3E3D-30DA-4878-AD38-D2248A49C7B6}.AppStore|x64.ActiveCfg = AppStore|iPhoneSimulator
		{3F0B3E3D-30DA-4878-AD38-D2248A49C7B6}.AppStore|x86.ActiveCfg = AppStore|iPhoneSimulator
		{3F0B3E3D-30DA-4878-AD38-D2248A49C7B6}.Debug|Any CPU.ActiveCfg = Debug|iPhoneSimulator
		{3F0B3E3D-30DA-4878-AD38-D2248A49C7B6}.Debug|ARM.ActiveCfg = Debug|iPhoneSimulator
		{3F0B3E3D-30DA-4878-AD38-D2248A49C7B6}.Debug|ARM64.ActiveCfg = Debug|iPhoneSimulator
		{3F0B3E3D-30DA-4878-AD38-D2248A49C7B6}.Debug|iPhone.ActiveCfg = Debug|iPhone
		{3F0B3E3D-30DA-4878-AD38-D2248A49C7B6}.Debug|iPhone.Build.0 = Debug|iPhone
		{3F0B3E3D-30DA-4878-AD38-D2248A49C7B6}.Debug|iPhoneSimulator.ActiveCfg = Debug|iPhoneSimulator
		{3F0B3E3D-30DA-4878-AD38-D2248A49C7B6}.Debug|iPhoneSimulator.Build.0 = Debug|iPhoneSimulator
		{3F0B3E3D-30DA-4878-AD38-D2248A49C7B6}.Debug|x64.ActiveCfg = Debug|iPhoneSimulator
		{3F0B3E3D-30DA-4878-AD38-D2248A49C7B6}.Debug|x86.ActiveCfg = Debug|iPhoneSimulator
		{3F0B3E3D-30DA-4878-AD38-D2248A49C7B6}.DebugMac|Any CPU.ActiveCfg = Debug|iPhoneSimulator
		{3F0B3E3D-30DA-4878-AD38-D2248A49C7B6}.DebugMac|Any CPU.Build.0 = Debug|iPhoneSimulator
		{3F0B3E3D-30DA-4878-AD38-D2248A49C7B6}.DebugMac|ARM.ActiveCfg = Debug|iPhoneSimulator
		{3F0B3E3D-30DA-4878-AD38-D2248A49C7B6}.DebugMac|ARM.Build.0 = Debug|iPhoneSimulator
		{3F0B3E3D-30DA-4878-AD38-D2248A49C7B6}.DebugMac|ARM64.ActiveCfg = Debug|iPhoneSimulator
		{3F0B3E3D-30DA-4878-AD38-D2248A49C7B6}.DebugMac|ARM64.Build.0 = Debug|iPhoneSimulator
		{3F0B3E3D-30DA-4878-AD38-D2248A49C7B6}.DebugMac|iPhone.ActiveCfg = Debug|iPhone
		{3F0B3E3D-30DA-4878-AD38-D2248A49C7B6}.DebugMac|iPhone.Build.0 = Debug|iPhone
		{3F0B3E3D-30DA-4878-AD38-D2248A49C7B6}.DebugMac|iPhoneSimulator.ActiveCfg = Debug|iPhoneSimulator
		{3F0B3E3D-30DA-4878-AD38-D2248A49C7B6}.DebugMac|iPhoneSimulator.Build.0 = Debug|iPhoneSimulator
		{3F0B3E3D-30DA-4878-AD38-D2248A49C7B6}.DebugMac|x64.ActiveCfg = Debug|iPhoneSimulator
		{3F0B3E3D-30DA-4878-AD38-D2248A49C7B6}.DebugMac|x64.Build.0 = Debug|iPhoneSimulator
		{3F0B3E3D-30DA-4878-AD38-D2248A49C7B6}.DebugMac|x86.ActiveCfg = Debug|iPhoneSimulator
		{3F0B3E3D-30DA-4878-AD38-D2248A49C7B6}.DebugMac|x86.Build.0 = Debug|iPhoneSimulator
		{3F0B3E3D-30DA-4878-AD38-D2248A49C7B6}.Release|Any CPU.ActiveCfg = Release|iPhoneSimulator
		{3F0B3E3D-30DA-4878-AD38-D2248A49C7B6}.Release|ARM.ActiveCfg = Release|iPhoneSimulator
		{3F0B3E3D-30DA-4878-AD38-D2248A49C7B6}.Release|ARM64.ActiveCfg = Release|iPhoneSimulator
		{3F0B3E3D-30DA-4878-AD38-D2248A49C7B6}.Release|iPhone.ActiveCfg = Release|iPhone
		{3F0B3E3D-30DA-4878-AD38-D2248A49C7B6}.Release|iPhone.Build.0 = Release|iPhone
		{3F0B3E3D-30DA-4878-AD38-D2248A49C7B6}.Release|iPhoneSimulator.ActiveCfg = Release|iPhoneSimulator
		{3F0B3E3D-30DA-4878-AD38-D2248A49C7B6}.Release|iPhoneSimulator.Build.0 = Release|iPhoneSimulator
		{3F0B3E3D-30DA-4878-AD38-D2248A49C7B6}.Release|x64.ActiveCfg = Release|iPhoneSimulator
		{3F0B3E3D-30DA-4878-AD38-D2248A49C7B6}.Release|x86.ActiveCfg = Release|iPhoneSimulator
		{3F0B3E3D-30DA-4878-AD38-D2248A49C7B6}.ReleaseMac|Any CPU.ActiveCfg = Debug|iPhoneSimulator
		{3F0B3E3D-30DA-4878-AD38-D2248A49C7B6}.ReleaseMac|Any CPU.Build.0 = Debug|iPhoneSimulator
		{3F0B3E3D-30DA-4878-AD38-D2248A49C7B6}.ReleaseMac|ARM.ActiveCfg = Debug|iPhoneSimulator
		{3F0B3E3D-30DA-4878-AD38-D2248A49C7B6}.ReleaseMac|ARM.Build.0 = Debug|iPhoneSimulator
		{3F0B3E3D-30DA-4878-AD38-D2248A49C7B6}.ReleaseMac|ARM64.ActiveCfg = Debug|iPhoneSimulator
		{3F0B3E3D-30DA-4878-AD38-D2248A49C7B6}.ReleaseMac|ARM64.Build.0 = Debug|iPhoneSimulator
		{3F0B3E3D-30DA-4878-AD38-D2248A49C7B6}.ReleaseMac|iPhone.ActiveCfg = Release|iPhone
		{3F0B3E3D-30DA-4878-AD38-D2248A49C7B6}.ReleaseMac|iPhone.Build.0 = Release|iPhone
		{3F0B3E3D-30DA-4878-AD38-D2248A49C7B6}.ReleaseMac|iPhoneSimulator.ActiveCfg = Release|iPhoneSimulator
		{3F0B3E3D-30DA-4878-AD38-D2248A49C7B6}.ReleaseMac|iPhoneSimulator.Build.0 = Release|iPhoneSimulator
		{3F0B3E3D-30DA-4878-AD38-D2248A49C7B6}.ReleaseMac|x64.ActiveCfg = Debug|iPhoneSimulator
		{3F0B3E3D-30DA-4878-AD38-D2248A49C7B6}.ReleaseMac|x64.Build.0 = Debug|iPhoneSimulator
		{3F0B3E3D-30DA-4878-AD38-D2248A49C7B6}.ReleaseMac|x86.ActiveCfg = Debug|iPhoneSimulator
		{3F0B3E3D-30DA-4878-AD38-D2248A49C7B6}.ReleaseMac|x86.Build.0 = Debug|iPhoneSimulator
		{7A0253F7-3889-4479-9D20-9CE980101523}.Ad-Hoc|Any CPU.ActiveCfg = Debug|x86
		{7A0253F7-3889-4479-9D20-9CE980101523}.Ad-Hoc|Any CPU.Build.0 = Debug|x86
		{7A0253F7-3889-4479-9D20-9CE980101523}.Ad-Hoc|Any CPU.Deploy.0 = Debug|x86
		{7A0253F7-3889-4479-9D20-9CE980101523}.Ad-Hoc|ARM.ActiveCfg = Debug|ARM
		{7A0253F7-3889-4479-9D20-9CE980101523}.Ad-Hoc|ARM.Build.0 = Debug|ARM
		{7A0253F7-3889-4479-9D20-9CE980101523}.Ad-Hoc|ARM.Deploy.0 = Debug|ARM
		{7A0253F7-3889-4479-9D20-9CE980101523}.Ad-Hoc|ARM64.ActiveCfg = Debug|ARM64
		{7A0253F7-3889-4479-9D20-9CE980101523}.Ad-Hoc|ARM64.Build.0 = Debug|ARM64
		{7A0253F7-3889-4479-9D20-9CE980101523}.Ad-Hoc|ARM64.Deploy.0 = Debug|ARM64
		{7A0253F7-3889-4479-9D20-9CE980101523}.Ad-Hoc|iPhone.ActiveCfg = Debug|x86
		{7A0253F7-3889-4479-9D20-9CE980101523}.Ad-Hoc|iPhone.Build.0 = Debug|x86
		{7A0253F7-3889-4479-9D20-9CE980101523}.Ad-Hoc|iPhone.Deploy.0 = Debug|x86
		{7A0253F7-3889-4479-9D20-9CE980101523}.Ad-Hoc|iPhoneSimulator.ActiveCfg = Debug|x86
		{7A0253F7-3889-4479-9D20-9CE980101523}.Ad-Hoc|iPhoneSimulator.Build.0 = Debug|x86
		{7A0253F7-3889-4479-9D20-9CE980101523}.Ad-Hoc|iPhoneSimulator.Deploy.0 = Debug|x86
		{7A0253F7-3889-4479-9D20-9CE980101523}.Ad-Hoc|x64.ActiveCfg = Debug|x64
		{7A0253F7-3889-4479-9D20-9CE980101523}.Ad-Hoc|x64.Build.0 = Debug|x64
		{7A0253F7-3889-4479-9D20-9CE980101523}.Ad-Hoc|x64.Deploy.0 = Debug|x64
		{7A0253F7-3889-4479-9D20-9CE980101523}.Ad-Hoc|x86.ActiveCfg = Debug|x86
		{7A0253F7-3889-4479-9D20-9CE980101523}.Ad-Hoc|x86.Build.0 = Debug|x86
		{7A0253F7-3889-4479-9D20-9CE980101523}.Ad-Hoc|x86.Deploy.0 = Debug|x86
		{7A0253F7-3889-4479-9D20-9CE980101523}.AppStore|Any CPU.ActiveCfg = Debug|x86
		{7A0253F7-3889-4479-9D20-9CE980101523}.AppStore|Any CPU.Build.0 = Debug|x86
		{7A0253F7-3889-4479-9D20-9CE980101523}.AppStore|Any CPU.Deploy.0 = Debug|x86
		{7A0253F7-3889-4479-9D20-9CE980101523}.AppStore|ARM.ActiveCfg = Debug|ARM
		{7A0253F7-3889-4479-9D20-9CE980101523}.AppStore|ARM.Build.0 = Debug|ARM
		{7A0253F7-3889-4479-9D20-9CE980101523}.AppStore|ARM.Deploy.0 = Debug|ARM
		{7A0253F7-3889-4479-9D20-9CE980101523}.AppStore|ARM64.ActiveCfg = Debug|ARM64
		{7A0253F7-3889-4479-9D20-9CE980101523}.AppStore|ARM64.Build.0 = Debug|ARM64
		{7A0253F7-3889-4479-9D20-9CE980101523}.AppStore|ARM64.Deploy.0 = Debug|ARM64
		{7A0253F7-3889-4479-9D20-9CE980101523}.AppStore|iPhone.ActiveCfg = Debug|x86
		{7A0253F7-3889-4479-9D20-9CE980101523}.AppStore|iPhone.Build.0 = Debug|x86
		{7A0253F7-3889-4479-9D20-9CE980101523}.AppStore|iPhone.Deploy.0 = Debug|x86
		{7A0253F7-3889-4479-9D20-9CE980101523}.AppStore|iPhoneSimulator.ActiveCfg = Debug|x86
		{7A0253F7-3889-4479-9D20-9CE980101523}.AppStore|iPhoneSimulator.Build.0 = Debug|x86
		{7A0253F7-3889-4479-9D20-9CE980101523}.AppStore|iPhoneSimulator.Deploy.0 = Debug|x86
		{7A0253F7-3889-4479-9D20-9CE980101523}.AppStore|x64.ActiveCfg = Debug|x64
		{7A0253F7-3889-4479-9D20-9CE980101523}.AppStore|x64.Build.0 = Debug|x64
		{7A0253F7-3889-4479-9D20-9CE980101523}.AppStore|x64.Deploy.0 = Debug|x64
		{7A0253F7-3889-4479-9D20-9CE980101523}.AppStore|x86.ActiveCfg = Debug|x86
		{7A0253F7-3889-4479-9D20-9CE980101523}.AppStore|x86.Build.0 = Debug|x86
		{7A0253F7-3889-4479-9D20-9CE980101523}.AppStore|x86.Deploy.0 = Debug|x86
		{7A0253F7-3889-4479-9D20-9CE980101523}.Debug|Any CPU.ActiveCfg = Debug|x86
		{7A0253F7-3889-4479-9D20-9CE980101523}.Debug|Any CPU.Build.0 = Debug|x86
		{7A0253F7-3889-4479-9D20-9CE980101523}.Debug|Any CPU.Deploy.0 = Debug|x86
		{7A0253F7-3889-4479-9D20-9CE980101523}.Debug|ARM.ActiveCfg = Debug|ARM
		{7A0253F7-3889-4479-9D20-9CE980101523}.Debug|ARM.Build.0 = Debug|ARM
		{7A0253F7-3889-4479-9D20-9CE980101523}.Debug|ARM.Deploy.0 = Debug|ARM
		{7A0253F7-3889-4479-9D20-9CE980101523}.Debug|ARM64.ActiveCfg = Debug|ARM64
		{7A0253F7-3889-4479-9D20-9CE980101523}.Debug|ARM64.Build.0 = Debug|ARM64
		{7A0253F7-3889-4479-9D20-9CE980101523}.Debug|ARM64.Deploy.0 = Debug|ARM64
		{7A0253F7-3889-4479-9D20-9CE980101523}.Debug|iPhone.ActiveCfg = Debug|x86
		{7A0253F7-3889-4479-9D20-9CE980101523}.Debug|iPhoneSimulator.ActiveCfg = Debug|x86
		{7A0253F7-3889-4479-9D20-9CE980101523}.Debug|x64.ActiveCfg = Debug|x64
		{7A0253F7-3889-4479-9D20-9CE980101523}.Debug|x64.Build.0 = Debug|x64
		{7A0253F7-3889-4479-9D20-9CE980101523}.Debug|x64.Deploy.0 = Debug|x64
		{7A0253F7-3889-4479-9D20-9CE980101523}.Debug|x86.ActiveCfg = Debug|x86
		{7A0253F7-3889-4479-9D20-9CE980101523}.Debug|x86.Build.0 = Debug|x86
		{7A0253F7-3889-4479-9D20-9CE980101523}.Debug|x86.Deploy.0 = Debug|x86
		{7A0253F7-3889-4479-9D20-9CE980101523}.DebugMac|Any CPU.ActiveCfg = Debug|x86
		{7A0253F7-3889-4479-9D20-9CE980101523}.DebugMac|Any CPU.Build.0 = Debug|x86
		{7A0253F7-3889-4479-9D20-9CE980101523}.DebugMac|Any CPU.Deploy.0 = Debug|x86
		{7A0253F7-3889-4479-9D20-9CE980101523}.DebugMac|ARM.ActiveCfg = Debug|ARM
		{7A0253F7-3889-4479-9D20-9CE980101523}.DebugMac|ARM.Build.0 = Debug|ARM
		{7A0253F7-3889-4479-9D20-9CE980101523}.DebugMac|ARM.Deploy.0 = Debug|ARM
		{7A0253F7-3889-4479-9D20-9CE980101523}.DebugMac|ARM64.ActiveCfg = Debug|ARM64
		{7A0253F7-3889-4479-9D20-9CE980101523}.DebugMac|ARM64.Build.0 = Debug|ARM64
		{7A0253F7-3889-4479-9D20-9CE980101523}.DebugMac|ARM64.Deploy.0 = Debug|ARM64
		{7A0253F7-3889-4479-9D20-9CE980101523}.DebugMac|iPhone.ActiveCfg = Debug|x86
		{7A0253F7-3889-4479-9D20-9CE980101523}.DebugMac|iPhone.Build.0 = Debug|x86
		{7A0253F7-3889-4479-9D20-9CE980101523}.DebugMac|iPhone.Deploy.0 = Debug|x86
		{7A0253F7-3889-4479-9D20-9CE980101523}.DebugMac|iPhoneSimulator.ActiveCfg = Debug|x86
		{7A0253F7-3889-4479-9D20-9CE980101523}.DebugMac|iPhoneSimulator.Build.0 = Debug|x86
		{7A0253F7-3889-4479-9D20-9CE980101523}.DebugMac|iPhoneSimulator.Deploy.0 = Debug|x86
		{7A0253F7-3889-4479-9D20-9CE980101523}.DebugMac|x64.ActiveCfg = Debug|x64
		{7A0253F7-3889-4479-9D20-9CE980101523}.DebugMac|x64.Build.0 = Debug|x64
		{7A0253F7-3889-4479-9D20-9CE980101523}.DebugMac|x64.Deploy.0 = Debug|x64
		{7A0253F7-3889-4479-9D20-9CE980101523}.DebugMac|x86.ActiveCfg = Debug|x86
		{7A0253F7-3889-4479-9D20-9CE980101523}.DebugMac|x86.Build.0 = Debug|x86
		{7A0253F7-3889-4479-9D20-9CE980101523}.DebugMac|x86.Deploy.0 = Debug|x86
		{7A0253F7-3889-4479-9D20-9CE980101523}.Release|Any CPU.ActiveCfg = Release|x86
		{7A0253F7-3889-4479-9D20-9CE980101523}.Release|ARM.ActiveCfg = Release|ARM
		{7A0253F7-3889-4479-9D20-9CE980101523}.Release|ARM.Build.0 = Release|ARM
		{7A0253F7-3889-4479-9D20-9CE980101523}.Release|ARM.Deploy.0 = Release|ARM
		{7A0253F7-3889-4479-9D20-9CE980101523}.Release|ARM64.ActiveCfg = Release|ARM64
		{7A0253F7-3889-4479-9D20-9CE980101523}.Release|ARM64.Build.0 = Release|ARM64
		{7A0253F7-3889-4479-9D20-9CE980101523}.Release|ARM64.Deploy.0 = Release|ARM64
		{7A0253F7-3889-4479-9D20-9CE980101523}.Release|iPhone.ActiveCfg = Release|x86
		{7A0253F7-3889-4479-9D20-9CE980101523}.Release|iPhoneSimulator.ActiveCfg = Release|x86
		{7A0253F7-3889-4479-9D20-9CE980101523}.Release|x64.ActiveCfg = Release|x64
		{7A0253F7-3889-4479-9D20-9CE980101523}.Release|x64.Build.0 = Release|x64
		{7A0253F7-3889-4479-9D20-9CE980101523}.Release|x64.Deploy.0 = Release|x64
		{7A0253F7-3889-4479-9D20-9CE980101523}.Release|x86.ActiveCfg = Release|x86
		{7A0253F7-3889-4479-9D20-9CE980101523}.Release|x86.Build.0 = Release|x86
		{7A0253F7-3889-4479-9D20-9CE980101523}.Release|x86.Deploy.0 = Release|x86
		{7A0253F7-3889-4479-9D20-9CE980101523}.ReleaseMac|Any CPU.ActiveCfg = Debug|x86
		{7A0253F7-3889-4479-9D20-9CE980101523}.ReleaseMac|Any CPU.Build.0 = Debug|x86
		{7A0253F7-3889-4479-9D20-9CE980101523}.ReleaseMac|Any CPU.Deploy.0 = Debug|x86
		{7A0253F7-3889-4479-9D20-9CE980101523}.ReleaseMac|ARM.ActiveCfg = Release|ARM
		{7A0253F7-3889-4479-9D20-9CE980101523}.ReleaseMac|ARM.Build.0 = Release|ARM
		{7A0253F7-3889-4479-9D20-9CE980101523}.ReleaseMac|ARM.Deploy.0 = Release|ARM
		{7A0253F7-3889-4479-9D20-9CE980101523}.ReleaseMac|ARM64.ActiveCfg = Release|ARM64
		{7A0253F7-3889-4479-9D20-9CE980101523}.ReleaseMac|ARM64.Build.0 = Release|ARM64
		{7A0253F7-3889-4479-9D20-9CE980101523}.ReleaseMac|ARM64.Deploy.0 = Release|ARM64
		{7A0253F7-3889-4479-9D20-9CE980101523}.ReleaseMac|iPhone.ActiveCfg = Debug|x86
		{7A0253F7-3889-4479-9D20-9CE980101523}.ReleaseMac|iPhone.Build.0 = Debug|x86
		{7A0253F7-3889-4479-9D20-9CE980101523}.ReleaseMac|iPhone.Deploy.0 = Debug|x86
		{7A0253F7-3889-4479-9D20-9CE980101523}.ReleaseMac|iPhoneSimulator.ActiveCfg = Debug|x86
		{7A0253F7-3889-4479-9D20-9CE980101523}.ReleaseMac|iPhoneSimulator.Build.0 = Debug|x86
		{7A0253F7-3889-4479-9D20-9CE980101523}.ReleaseMac|iPhoneSimulator.Deploy.0 = Debug|x86
		{7A0253F7-3889-4479-9D20-9CE980101523}.ReleaseMac|x64.ActiveCfg = Release|x64
		{7A0253F7-3889-4479-9D20-9CE980101523}.ReleaseMac|x64.Build.0 = Release|x64
		{7A0253F7-3889-4479-9D20-9CE980101523}.ReleaseMac|x64.Deploy.0 = Release|x64
		{7A0253F7-3889-4479-9D20-9CE980101523}.ReleaseMac|x86.ActiveCfg = Release|x86
		{7A0253F7-3889-4479-9D20-9CE980101523}.ReleaseMac|x86.Build.0 = Release|x86
		{7A0253F7-3889-4479-9D20-9CE980101523}.ReleaseMac|x86.Deploy.0 = Release|x86
		{14618902-C12E-491E-ACD0-AA92BDB4069F}.Ad-Hoc|Any CPU.ActiveCfg = Debug|Any CPU
		{14618902-C12E-491E-ACD0-AA92BDB4069F}.Ad-Hoc|Any CPU.Build.0 = Debug|Any CPU
		{14618902-C12E-491E-ACD0-AA92BDB4069F}.Ad-Hoc|ARM.ActiveCfg = Debug|Any CPU
		{14618902-C12E-491E-ACD0-AA92BDB4069F}.Ad-Hoc|ARM.Build.0 = Debug|Any CPU
		{14618902-C12E-491E-ACD0-AA92BDB4069F}.Ad-Hoc|ARM64.ActiveCfg = Debug|Any CPU
		{14618902-C12E-491E-ACD0-AA92BDB4069F}.Ad-Hoc|ARM64.Build.0 = Debug|Any CPU
		{14618902-C12E-491E-ACD0-AA92BDB4069F}.Ad-Hoc|iPhone.ActiveCfg = Debug|Any CPU
		{14618902-C12E-491E-ACD0-AA92BDB4069F}.Ad-Hoc|iPhone.Build.0 = Debug|Any CPU
		{14618902-C12E-491E-ACD0-AA92BDB4069F}.Ad-Hoc|iPhoneSimulator.ActiveCfg = Debug|Any CPU
		{14618902-C12E-491E-ACD0-AA92BDB4069F}.Ad-Hoc|iPhoneSimulator.Build.0 = Debug|Any CPU
		{14618902-C12E-491E-ACD0-AA92BDB4069F}.Ad-Hoc|x64.ActiveCfg = Debug|Any CPU
		{14618902-C12E-491E-ACD0-AA92BDB4069F}.Ad-Hoc|x64.Build.0 = Debug|Any CPU
		{14618902-C12E-491E-ACD0-AA92BDB4069F}.Ad-Hoc|x86.ActiveCfg = Debug|Any CPU
		{14618902-C12E-491E-ACD0-AA92BDB4069F}.Ad-Hoc|x86.Build.0 = Debug|Any CPU
		{14618902-C12E-491E-ACD0-AA92BDB4069F}.AppStore|Any CPU.ActiveCfg = Debug|Any CPU
		{14618902-C12E-491E-ACD0-AA92BDB4069F}.AppStore|Any CPU.Build.0 = Debug|Any CPU
		{14618902-C12E-491E-ACD0-AA92BDB4069F}.AppStore|ARM.ActiveCfg = Debug|Any CPU
		{14618902-C12E-491E-ACD0-AA92BDB4069F}.AppStore|ARM.Build.0 = Debug|Any CPU
		{14618902-C12E-491E-ACD0-AA92BDB4069F}.AppStore|ARM64.ActiveCfg = Debug|Any CPU
		{14618902-C12E-491E-ACD0-AA92BDB4069F}.AppStore|ARM64.Build.0 = Debug|Any CPU
		{14618902-C12E-491E-ACD0-AA92BDB4069F}.AppStore|iPhone.ActiveCfg = Debug|Any CPU
		{14618902-C12E-491E-ACD0-AA92BDB4069F}.AppStore|iPhone.Build.0 = Debug|Any CPU
		{14618902-C12E-491E-ACD0-AA92BDB4069F}.AppStore|iPhoneSimulator.ActiveCfg = Debug|Any CPU
		{14618902-C12E-491E-ACD0-AA92BDB4069F}.AppStore|iPhoneSimulator.Build.0 = Debug|Any CPU
		{14618902-C12E-491E-ACD0-AA92BDB4069F}.AppStore|x64.ActiveCfg = Debug|Any CPU
		{14618902-C12E-491E-ACD0-AA92BDB4069F}.AppStore|x64.Build.0 = Debug|Any CPU
		{14618902-C12E-491E-ACD0-AA92BDB4069F}.AppStore|x86.ActiveCfg = Debug|Any CPU
		{14618902-C12E-491E-ACD0-AA92BDB4069F}.AppStore|x86.Build.0 = Debug|Any CPU
		{14618902-C12E-491E-ACD0-AA92BDB4069F}.Debug|Any CPU.ActiveCfg = Debug|Any CPU
		{14618902-C12E-491E-ACD0-AA92BDB4069F}.Debug|Any CPU.Build.0 = Debug|Any CPU
		{14618902-C12E-491E-ACD0-AA92BDB4069F}.Debug|ARM.ActiveCfg = Debug|Any CPU
		{14618902-C12E-491E-ACD0-AA92BDB4069F}.Debug|ARM.Build.0 = Debug|Any CPU
		{14618902-C12E-491E-ACD0-AA92BDB4069F}.Debug|ARM64.ActiveCfg = Debug|Any CPU
		{14618902-C12E-491E-ACD0-AA92BDB4069F}.Debug|ARM64.Build.0 = Debug|Any CPU
		{14618902-C12E-491E-ACD0-AA92BDB4069F}.Debug|iPhone.ActiveCfg = Debug|Any CPU
		{14618902-C12E-491E-ACD0-AA92BDB4069F}.Debug|iPhone.Build.0 = Debug|Any CPU
		{14618902-C12E-491E-ACD0-AA92BDB4069F}.Debug|iPhoneSimulator.ActiveCfg = Debug|Any CPU
		{14618902-C12E-491E-ACD0-AA92BDB4069F}.Debug|iPhoneSimulator.Build.0 = Debug|Any CPU
		{14618902-C12E-491E-ACD0-AA92BDB4069F}.Debug|x64.ActiveCfg = Debug|Any CPU
		{14618902-C12E-491E-ACD0-AA92BDB4069F}.Debug|x64.Build.0 = Debug|Any CPU
		{14618902-C12E-491E-ACD0-AA92BDB4069F}.Debug|x86.ActiveCfg = Debug|Any CPU
		{14618902-C12E-491E-ACD0-AA92BDB4069F}.Debug|x86.Build.0 = Debug|Any CPU
		{14618902-C12E-491E-ACD0-AA92BDB4069F}.DebugMac|Any CPU.ActiveCfg = Debug|Any CPU
		{14618902-C12E-491E-ACD0-AA92BDB4069F}.DebugMac|Any CPU.Build.0 = Debug|Any CPU
		{14618902-C12E-491E-ACD0-AA92BDB4069F}.DebugMac|ARM.ActiveCfg = Debug|Any CPU
		{14618902-C12E-491E-ACD0-AA92BDB4069F}.DebugMac|ARM.Build.0 = Debug|Any CPU
		{14618902-C12E-491E-ACD0-AA92BDB4069F}.DebugMac|ARM64.ActiveCfg = Debug|Any CPU
		{14618902-C12E-491E-ACD0-AA92BDB4069F}.DebugMac|ARM64.Build.0 = Debug|Any CPU
		{14618902-C12E-491E-ACD0-AA92BDB4069F}.DebugMac|iPhone.ActiveCfg = Debug|Any CPU
		{14618902-C12E-491E-ACD0-AA92BDB4069F}.DebugMac|iPhone.Build.0 = Debug|Any CPU
		{14618902-C12E-491E-ACD0-AA92BDB4069F}.DebugMac|iPhoneSimulator.ActiveCfg = Debug|Any CPU
		{14618902-C12E-491E-ACD0-AA92BDB4069F}.DebugMac|iPhoneSimulator.Build.0 = Debug|Any CPU
		{14618902-C12E-491E-ACD0-AA92BDB4069F}.DebugMac|x64.ActiveCfg = Debug|Any CPU
		{14618902-C12E-491E-ACD0-AA92BDB4069F}.DebugMac|x64.Build.0 = Debug|Any CPU
		{14618902-C12E-491E-ACD0-AA92BDB4069F}.DebugMac|x86.ActiveCfg = Debug|Any CPU
		{14618902-C12E-491E-ACD0-AA92BDB4069F}.DebugMac|x86.Build.0 = Debug|Any CPU
		{14618902-C12E-491E-ACD0-AA92BDB4069F}.Release|Any CPU.ActiveCfg = Release|Any CPU
		{14618902-C12E-491E-ACD0-AA92BDB4069F}.Release|Any CPU.Build.0 = Release|Any CPU
		{14618902-C12E-491E-ACD0-AA92BDB4069F}.Release|ARM.ActiveCfg = Release|Any CPU
		{14618902-C12E-491E-ACD0-AA92BDB4069F}.Release|ARM.Build.0 = Release|Any CPU
		{14618902-C12E-491E-ACD0-AA92BDB4069F}.Release|ARM64.ActiveCfg = Release|Any CPU
		{14618902-C12E-491E-ACD0-AA92BDB4069F}.Release|ARM64.Build.0 = Release|Any CPU
		{14618902-C12E-491E-ACD0-AA92BDB4069F}.Release|iPhone.ActiveCfg = Release|Any CPU
		{14618902-C12E-491E-ACD0-AA92BDB4069F}.Release|iPhone.Build.0 = Release|Any CPU
		{14618902-C12E-491E-ACD0-AA92BDB4069F}.Release|iPhoneSimulator.ActiveCfg = Release|Any CPU
		{14618902-C12E-491E-ACD0-AA92BDB4069F}.Release|iPhoneSimulator.Build.0 = Release|Any CPU
		{14618902-C12E-491E-ACD0-AA92BDB4069F}.Release|x64.ActiveCfg = Release|Any CPU
		{14618902-C12E-491E-ACD0-AA92BDB4069F}.Release|x64.Build.0 = Release|Any CPU
		{14618902-C12E-491E-ACD0-AA92BDB4069F}.Release|x86.ActiveCfg = Release|Any CPU
		{14618902-C12E-491E-ACD0-AA92BDB4069F}.Release|x86.Build.0 = Release|Any CPU
		{14618902-C12E-491E-ACD0-AA92BDB4069F}.ReleaseMac|Any CPU.ActiveCfg = Release|Any CPU
		{14618902-C12E-491E-ACD0-AA92BDB4069F}.ReleaseMac|Any CPU.Build.0 = Release|Any CPU
		{14618902-C12E-491E-ACD0-AA92BDB4069F}.ReleaseMac|ARM.ActiveCfg = Release|Any CPU
		{14618902-C12E-491E-ACD0-AA92BDB4069F}.ReleaseMac|ARM.Build.0 = Release|Any CPU
		{14618902-C12E-491E-ACD0-AA92BDB4069F}.ReleaseMac|ARM64.ActiveCfg = Release|Any CPU
		{14618902-C12E-491E-ACD0-AA92BDB4069F}.ReleaseMac|ARM64.Build.0 = Release|Any CPU
		{14618902-C12E-491E-ACD0-AA92BDB4069F}.ReleaseMac|iPhone.ActiveCfg = Release|Any CPU
		{14618902-C12E-491E-ACD0-AA92BDB4069F}.ReleaseMac|iPhone.Build.0 = Release|Any CPU
		{14618902-C12E-491E-ACD0-AA92BDB4069F}.ReleaseMac|iPhoneSimulator.ActiveCfg = Release|Any CPU
		{14618902-C12E-491E-ACD0-AA92BDB4069F}.ReleaseMac|iPhoneSimulator.Build.0 = Release|Any CPU
		{14618902-C12E-491E-ACD0-AA92BDB4069F}.ReleaseMac|x64.ActiveCfg = Release|Any CPU
		{14618902-C12E-491E-ACD0-AA92BDB4069F}.ReleaseMac|x64.Build.0 = Release|Any CPU
		{14618902-C12E-491E-ACD0-AA92BDB4069F}.ReleaseMac|x86.ActiveCfg = Release|Any CPU
		{14618902-C12E-491E-ACD0-AA92BDB4069F}.ReleaseMac|x86.Build.0 = Release|Any CPU
		{6E3C0383-38F7-4389-98EB-7E2A42774045}.Ad-Hoc|Any CPU.ActiveCfg = Debug|iPhoneSimulator
		{6E3C0383-38F7-4389-98EB-7E2A42774045}.Ad-Hoc|Any CPU.Build.0 = Debug|iPhoneSimulator
		{6E3C0383-38F7-4389-98EB-7E2A42774045}.Ad-Hoc|ARM.ActiveCfg = Debug|iPhoneSimulator
		{6E3C0383-38F7-4389-98EB-7E2A42774045}.Ad-Hoc|ARM.Build.0 = Debug|iPhoneSimulator
		{6E3C0383-38F7-4389-98EB-7E2A42774045}.Ad-Hoc|ARM64.ActiveCfg = Debug|iPhoneSimulator
		{6E3C0383-38F7-4389-98EB-7E2A42774045}.Ad-Hoc|ARM64.Build.0 = Debug|iPhoneSimulator
		{6E3C0383-38F7-4389-98EB-7E2A42774045}.Ad-Hoc|iPhone.ActiveCfg = Debug|iPhoneSimulator
		{6E3C0383-38F7-4389-98EB-7E2A42774045}.Ad-Hoc|iPhone.Build.0 = Debug|iPhoneSimulator
		{6E3C0383-38F7-4389-98EB-7E2A42774045}.Ad-Hoc|iPhoneSimulator.ActiveCfg = Debug|iPhoneSimulator
		{6E3C0383-38F7-4389-98EB-7E2A42774045}.Ad-Hoc|iPhoneSimulator.Build.0 = Debug|iPhoneSimulator
		{6E3C0383-38F7-4389-98EB-7E2A42774045}.Ad-Hoc|x64.ActiveCfg = Debug|iPhoneSimulator
		{6E3C0383-38F7-4389-98EB-7E2A42774045}.Ad-Hoc|x64.Build.0 = Debug|iPhoneSimulator
		{6E3C0383-38F7-4389-98EB-7E2A42774045}.Ad-Hoc|x86.ActiveCfg = Debug|iPhoneSimulator
		{6E3C0383-38F7-4389-98EB-7E2A42774045}.Ad-Hoc|x86.Build.0 = Debug|iPhoneSimulator
		{6E3C0383-38F7-4389-98EB-7E2A42774045}.AppStore|Any CPU.ActiveCfg = Debug|iPhoneSimulator
		{6E3C0383-38F7-4389-98EB-7E2A42774045}.AppStore|Any CPU.Build.0 = Debug|iPhoneSimulator
		{6E3C0383-38F7-4389-98EB-7E2A42774045}.AppStore|ARM.ActiveCfg = Debug|iPhoneSimulator
		{6E3C0383-38F7-4389-98EB-7E2A42774045}.AppStore|ARM.Build.0 = Debug|iPhoneSimulator
		{6E3C0383-38F7-4389-98EB-7E2A42774045}.AppStore|ARM64.ActiveCfg = Debug|iPhoneSimulator
		{6E3C0383-38F7-4389-98EB-7E2A42774045}.AppStore|ARM64.Build.0 = Debug|iPhoneSimulator
		{6E3C0383-38F7-4389-98EB-7E2A42774045}.AppStore|iPhone.ActiveCfg = Debug|iPhoneSimulator
		{6E3C0383-38F7-4389-98EB-7E2A42774045}.AppStore|iPhone.Build.0 = Debug|iPhoneSimulator
		{6E3C0383-38F7-4389-98EB-7E2A42774045}.AppStore|iPhoneSimulator.ActiveCfg = Debug|iPhoneSimulator
		{6E3C0383-38F7-4389-98EB-7E2A42774045}.AppStore|iPhoneSimulator.Build.0 = Debug|iPhoneSimulator
		{6E3C0383-38F7-4389-98EB-7E2A42774045}.AppStore|x64.ActiveCfg = Debug|iPhoneSimulator
		{6E3C0383-38F7-4389-98EB-7E2A42774045}.AppStore|x64.Build.0 = Debug|iPhoneSimulator
		{6E3C0383-38F7-4389-98EB-7E2A42774045}.AppStore|x86.ActiveCfg = Debug|iPhoneSimulator
		{6E3C0383-38F7-4389-98EB-7E2A42774045}.AppStore|x86.Build.0 = Debug|iPhoneSimulator
		{6E3C0383-38F7-4389-98EB-7E2A42774045}.Debug|Any CPU.ActiveCfg = Debug|iPhoneSimulator
		{6E3C0383-38F7-4389-98EB-7E2A42774045}.Debug|ARM.ActiveCfg = Debug|iPhoneSimulator
		{6E3C0383-38F7-4389-98EB-7E2A42774045}.Debug|ARM64.ActiveCfg = Debug|iPhoneSimulator
		{6E3C0383-38F7-4389-98EB-7E2A42774045}.Debug|iPhone.ActiveCfg = Debug|iPhoneSimulator
		{6E3C0383-38F7-4389-98EB-7E2A42774045}.Debug|iPhoneSimulator.ActiveCfg = Debug|iPhoneSimulator
		{6E3C0383-38F7-4389-98EB-7E2A42774045}.Debug|iPhoneSimulator.Build.0 = Debug|iPhoneSimulator
		{6E3C0383-38F7-4389-98EB-7E2A42774045}.Debug|x64.ActiveCfg = Debug|iPhoneSimulator
		{6E3C0383-38F7-4389-98EB-7E2A42774045}.Debug|x86.ActiveCfg = Debug|iPhoneSimulator
		{6E3C0383-38F7-4389-98EB-7E2A42774045}.DebugMac|Any CPU.ActiveCfg = Debug|iPhoneSimulator
		{6E3C0383-38F7-4389-98EB-7E2A42774045}.DebugMac|Any CPU.Build.0 = Debug|iPhoneSimulator
		{6E3C0383-38F7-4389-98EB-7E2A42774045}.DebugMac|ARM.ActiveCfg = Debug|iPhoneSimulator
		{6E3C0383-38F7-4389-98EB-7E2A42774045}.DebugMac|ARM.Build.0 = Debug|iPhoneSimulator
		{6E3C0383-38F7-4389-98EB-7E2A42774045}.DebugMac|ARM64.ActiveCfg = Debug|iPhoneSimulator
		{6E3C0383-38F7-4389-98EB-7E2A42774045}.DebugMac|ARM64.Build.0 = Debug|iPhoneSimulator
		{6E3C0383-38F7-4389-98EB-7E2A42774045}.DebugMac|iPhone.ActiveCfg = Debug|iPhoneSimulator
		{6E3C0383-38F7-4389-98EB-7E2A42774045}.DebugMac|iPhone.Build.0 = Debug|iPhoneSimulator
		{6E3C0383-38F7-4389-98EB-7E2A42774045}.DebugMac|iPhoneSimulator.ActiveCfg = Debug|iPhoneSimulator
		{6E3C0383-38F7-4389-98EB-7E2A42774045}.DebugMac|iPhoneSimulator.Build.0 = Debug|iPhoneSimulator
		{6E3C0383-38F7-4389-98EB-7E2A42774045}.DebugMac|x64.ActiveCfg = Debug|iPhoneSimulator
		{6E3C0383-38F7-4389-98EB-7E2A42774045}.DebugMac|x64.Build.0 = Debug|iPhoneSimulator
		{6E3C0383-38F7-4389-98EB-7E2A42774045}.DebugMac|x86.ActiveCfg = Debug|iPhoneSimulator
		{6E3C0383-38F7-4389-98EB-7E2A42774045}.DebugMac|x86.Build.0 = Debug|iPhoneSimulator
		{6E3C0383-38F7-4389-98EB-7E2A42774045}.Release|Any CPU.ActiveCfg = Release|iPhoneSimulator
		{6E3C0383-38F7-4389-98EB-7E2A42774045}.Release|ARM.ActiveCfg = Release|iPhoneSimulator
		{6E3C0383-38F7-4389-98EB-7E2A42774045}.Release|ARM64.ActiveCfg = Release|iPhoneSimulator
		{6E3C0383-38F7-4389-98EB-7E2A42774045}.Release|iPhone.ActiveCfg = Release|iPhoneSimulator
		{6E3C0383-38F7-4389-98EB-7E2A42774045}.Release|iPhoneSimulator.ActiveCfg = Release|iPhoneSimulator
		{6E3C0383-38F7-4389-98EB-7E2A42774045}.Release|iPhoneSimulator.Build.0 = Release|iPhoneSimulator
		{6E3C0383-38F7-4389-98EB-7E2A42774045}.Release|x64.ActiveCfg = Release|iPhoneSimulator
		{6E3C0383-38F7-4389-98EB-7E2A42774045}.Release|x86.ActiveCfg = Release|iPhoneSimulator
		{6E3C0383-38F7-4389-98EB-7E2A42774045}.ReleaseMac|Any CPU.ActiveCfg = Debug|iPhoneSimulator
		{6E3C0383-38F7-4389-98EB-7E2A42774045}.ReleaseMac|Any CPU.Build.0 = Debug|iPhoneSimulator
		{6E3C0383-38F7-4389-98EB-7E2A42774045}.ReleaseMac|ARM.ActiveCfg = Debug|iPhoneSimulator
		{6E3C0383-38F7-4389-98EB-7E2A42774045}.ReleaseMac|ARM.Build.0 = Debug|iPhoneSimulator
		{6E3C0383-38F7-4389-98EB-7E2A42774045}.ReleaseMac|ARM64.ActiveCfg = Debug|iPhoneSimulator
		{6E3C0383-38F7-4389-98EB-7E2A42774045}.ReleaseMac|ARM64.Build.0 = Debug|iPhoneSimulator
		{6E3C0383-38F7-4389-98EB-7E2A42774045}.ReleaseMac|iPhone.ActiveCfg = Debug|iPhoneSimulator
		{6E3C0383-38F7-4389-98EB-7E2A42774045}.ReleaseMac|iPhone.Build.0 = Debug|iPhoneSimulator
		{6E3C0383-38F7-4389-98EB-7E2A42774045}.ReleaseMac|iPhoneSimulator.ActiveCfg = Release|iPhoneSimulator
		{6E3C0383-38F7-4389-98EB-7E2A42774045}.ReleaseMac|iPhoneSimulator.Build.0 = Release|iPhoneSimulator
		{6E3C0383-38F7-4389-98EB-7E2A42774045}.ReleaseMac|x64.ActiveCfg = Debug|iPhoneSimulator
		{6E3C0383-38F7-4389-98EB-7E2A42774045}.ReleaseMac|x64.Build.0 = Debug|iPhoneSimulator
		{6E3C0383-38F7-4389-98EB-7E2A42774045}.ReleaseMac|x86.ActiveCfg = Debug|iPhoneSimulator
		{6E3C0383-38F7-4389-98EB-7E2A42774045}.ReleaseMac|x86.Build.0 = Debug|iPhoneSimulator
		{24327B3A-8997-4C44-B422-EF7ADE8F38D8}.Ad-Hoc|Any CPU.ActiveCfg = Debug|Any CPU
		{24327B3A-8997-4C44-B422-EF7ADE8F38D8}.Ad-Hoc|Any CPU.Build.0 = Debug|Any CPU
		{24327B3A-8997-4C44-B422-EF7ADE8F38D8}.Ad-Hoc|ARM.ActiveCfg = Debug|Any CPU
		{24327B3A-8997-4C44-B422-EF7ADE8F38D8}.Ad-Hoc|ARM.Build.0 = Debug|Any CPU
		{24327B3A-8997-4C44-B422-EF7ADE8F38D8}.Ad-Hoc|ARM64.ActiveCfg = Debug|Any CPU
		{24327B3A-8997-4C44-B422-EF7ADE8F38D8}.Ad-Hoc|ARM64.Build.0 = Debug|Any CPU
		{24327B3A-8997-4C44-B422-EF7ADE8F38D8}.Ad-Hoc|iPhone.ActiveCfg = Debug|Any CPU
		{24327B3A-8997-4C44-B422-EF7ADE8F38D8}.Ad-Hoc|iPhone.Build.0 = Debug|Any CPU
		{24327B3A-8997-4C44-B422-EF7ADE8F38D8}.Ad-Hoc|iPhoneSimulator.ActiveCfg = Debug|Any CPU
		{24327B3A-8997-4C44-B422-EF7ADE8F38D8}.Ad-Hoc|iPhoneSimulator.Build.0 = Debug|Any CPU
		{24327B3A-8997-4C44-B422-EF7ADE8F38D8}.Ad-Hoc|x64.ActiveCfg = Debug|Any CPU
		{24327B3A-8997-4C44-B422-EF7ADE8F38D8}.Ad-Hoc|x64.Build.0 = Debug|Any CPU
		{24327B3A-8997-4C44-B422-EF7ADE8F38D8}.Ad-Hoc|x86.ActiveCfg = Debug|Any CPU
		{24327B3A-8997-4C44-B422-EF7ADE8F38D8}.Ad-Hoc|x86.Build.0 = Debug|Any CPU
		{24327B3A-8997-4C44-B422-EF7ADE8F38D8}.AppStore|Any CPU.ActiveCfg = Debug|Any CPU
		{24327B3A-8997-4C44-B422-EF7ADE8F38D8}.AppStore|Any CPU.Build.0 = Debug|Any CPU
		{24327B3A-8997-4C44-B422-EF7ADE8F38D8}.AppStore|ARM.ActiveCfg = Debug|Any CPU
		{24327B3A-8997-4C44-B422-EF7ADE8F38D8}.AppStore|ARM.Build.0 = Debug|Any CPU
		{24327B3A-8997-4C44-B422-EF7ADE8F38D8}.AppStore|ARM64.ActiveCfg = Debug|Any CPU
		{24327B3A-8997-4C44-B422-EF7ADE8F38D8}.AppStore|ARM64.Build.0 = Debug|Any CPU
		{24327B3A-8997-4C44-B422-EF7ADE8F38D8}.AppStore|iPhone.ActiveCfg = Debug|Any CPU
		{24327B3A-8997-4C44-B422-EF7ADE8F38D8}.AppStore|iPhone.Build.0 = Debug|Any CPU
		{24327B3A-8997-4C44-B422-EF7ADE8F38D8}.AppStore|iPhoneSimulator.ActiveCfg = Debug|Any CPU
		{24327B3A-8997-4C44-B422-EF7ADE8F38D8}.AppStore|iPhoneSimulator.Build.0 = Debug|Any CPU
		{24327B3A-8997-4C44-B422-EF7ADE8F38D8}.AppStore|x64.ActiveCfg = Debug|Any CPU
		{24327B3A-8997-4C44-B422-EF7ADE8F38D8}.AppStore|x64.Build.0 = Debug|Any CPU
		{24327B3A-8997-4C44-B422-EF7ADE8F38D8}.AppStore|x86.ActiveCfg = Debug|Any CPU
		{24327B3A-8997-4C44-B422-EF7ADE8F38D8}.AppStore|x86.Build.0 = Debug|Any CPU
		{24327B3A-8997-4C44-B422-EF7ADE8F38D8}.Debug|Any CPU.ActiveCfg = Debug|Any CPU
		{24327B3A-8997-4C44-B422-EF7ADE8F38D8}.Debug|Any CPU.Build.0 = Debug|Any CPU
		{24327B3A-8997-4C44-B422-EF7ADE8F38D8}.Debug|ARM.ActiveCfg = Debug|Any CPU
		{24327B3A-8997-4C44-B422-EF7ADE8F38D8}.Debug|ARM.Build.0 = Debug|Any CPU
		{24327B3A-8997-4C44-B422-EF7ADE8F38D8}.Debug|ARM64.ActiveCfg = Debug|Any CPU
		{24327B3A-8997-4C44-B422-EF7ADE8F38D8}.Debug|ARM64.Build.0 = Debug|Any CPU
		{24327B3A-8997-4C44-B422-EF7ADE8F38D8}.Debug|iPhone.ActiveCfg = Debug|Any CPU
		{24327B3A-8997-4C44-B422-EF7ADE8F38D8}.Debug|iPhone.Build.0 = Debug|Any CPU
		{24327B3A-8997-4C44-B422-EF7ADE8F38D8}.Debug|iPhoneSimulator.ActiveCfg = Debug|Any CPU
		{24327B3A-8997-4C44-B422-EF7ADE8F38D8}.Debug|iPhoneSimulator.Build.0 = Debug|Any CPU
		{24327B3A-8997-4C44-B422-EF7ADE8F38D8}.Debug|x64.ActiveCfg = Debug|Any CPU
		{24327B3A-8997-4C44-B422-EF7ADE8F38D8}.Debug|x64.Build.0 = Debug|Any CPU
		{24327B3A-8997-4C44-B422-EF7ADE8F38D8}.Debug|x86.ActiveCfg = Debug|Any CPU
		{24327B3A-8997-4C44-B422-EF7ADE8F38D8}.Debug|x86.Build.0 = Debug|Any CPU
		{24327B3A-8997-4C44-B422-EF7ADE8F38D8}.DebugMac|Any CPU.ActiveCfg = Debug|Any CPU
		{24327B3A-8997-4C44-B422-EF7ADE8F38D8}.DebugMac|Any CPU.Build.0 = Debug|Any CPU
		{24327B3A-8997-4C44-B422-EF7ADE8F38D8}.DebugMac|ARM.ActiveCfg = Debug|Any CPU
		{24327B3A-8997-4C44-B422-EF7ADE8F38D8}.DebugMac|ARM.Build.0 = Debug|Any CPU
		{24327B3A-8997-4C44-B422-EF7ADE8F38D8}.DebugMac|ARM64.ActiveCfg = Debug|Any CPU
		{24327B3A-8997-4C44-B422-EF7ADE8F38D8}.DebugMac|ARM64.Build.0 = Debug|Any CPU
		{24327B3A-8997-4C44-B422-EF7ADE8F38D8}.DebugMac|iPhone.ActiveCfg = Debug|Any CPU
		{24327B3A-8997-4C44-B422-EF7ADE8F38D8}.DebugMac|iPhone.Build.0 = Debug|Any CPU
		{24327B3A-8997-4C44-B422-EF7ADE8F38D8}.DebugMac|iPhoneSimulator.ActiveCfg = Debug|Any CPU
		{24327B3A-8997-4C44-B422-EF7ADE8F38D8}.DebugMac|iPhoneSimulator.Build.0 = Debug|Any CPU
		{24327B3A-8997-4C44-B422-EF7ADE8F38D8}.DebugMac|x64.ActiveCfg = Debug|Any CPU
		{24327B3A-8997-4C44-B422-EF7ADE8F38D8}.DebugMac|x64.Build.0 = Debug|Any CPU
		{24327B3A-8997-4C44-B422-EF7ADE8F38D8}.DebugMac|x86.ActiveCfg = Debug|Any CPU
		{24327B3A-8997-4C44-B422-EF7ADE8F38D8}.DebugMac|x86.Build.0 = Debug|Any CPU
		{24327B3A-8997-4C44-B422-EF7ADE8F38D8}.Release|Any CPU.ActiveCfg = Release|Any CPU
		{24327B3A-8997-4C44-B422-EF7ADE8F38D8}.Release|Any CPU.Build.0 = Release|Any CPU
		{24327B3A-8997-4C44-B422-EF7ADE8F38D8}.Release|ARM.ActiveCfg = Release|Any CPU
		{24327B3A-8997-4C44-B422-EF7ADE8F38D8}.Release|ARM.Build.0 = Release|Any CPU
		{24327B3A-8997-4C44-B422-EF7ADE8F38D8}.Release|ARM64.ActiveCfg = Release|Any CPU
		{24327B3A-8997-4C44-B422-EF7ADE8F38D8}.Release|ARM64.Build.0 = Release|Any CPU
		{24327B3A-8997-4C44-B422-EF7ADE8F38D8}.Release|iPhone.ActiveCfg = Release|Any CPU
		{24327B3A-8997-4C44-B422-EF7ADE8F38D8}.Release|iPhone.Build.0 = Release|Any CPU
		{24327B3A-8997-4C44-B422-EF7ADE8F38D8}.Release|iPhoneSimulator.ActiveCfg = Release|Any CPU
		{24327B3A-8997-4C44-B422-EF7ADE8F38D8}.Release|iPhoneSimulator.Build.0 = Release|Any CPU
		{24327B3A-8997-4C44-B422-EF7ADE8F38D8}.Release|x64.ActiveCfg = Release|Any CPU
		{24327B3A-8997-4C44-B422-EF7ADE8F38D8}.Release|x64.Build.0 = Release|Any CPU
		{24327B3A-8997-4C44-B422-EF7ADE8F38D8}.Release|x86.ActiveCfg = Release|Any CPU
		{24327B3A-8997-4C44-B422-EF7ADE8F38D8}.Release|x86.Build.0 = Release|Any CPU
		{24327B3A-8997-4C44-B422-EF7ADE8F38D8}.ReleaseMac|Any CPU.ActiveCfg = Release|Any CPU
		{24327B3A-8997-4C44-B422-EF7ADE8F38D8}.ReleaseMac|Any CPU.Build.0 = Release|Any CPU
		{24327B3A-8997-4C44-B422-EF7ADE8F38D8}.ReleaseMac|ARM.ActiveCfg = Release|Any CPU
		{24327B3A-8997-4C44-B422-EF7ADE8F38D8}.ReleaseMac|ARM.Build.0 = Release|Any CPU
		{24327B3A-8997-4C44-B422-EF7ADE8F38D8}.ReleaseMac|ARM64.ActiveCfg = Release|Any CPU
		{24327B3A-8997-4C44-B422-EF7ADE8F38D8}.ReleaseMac|ARM64.Build.0 = Release|Any CPU
		{24327B3A-8997-4C44-B422-EF7ADE8F38D8}.ReleaseMac|iPhone.ActiveCfg = Release|Any CPU
		{24327B3A-8997-4C44-B422-EF7ADE8F38D8}.ReleaseMac|iPhone.Build.0 = Release|Any CPU
		{24327B3A-8997-4C44-B422-EF7ADE8F38D8}.ReleaseMac|iPhoneSimulator.ActiveCfg = Release|Any CPU
		{24327B3A-8997-4C44-B422-EF7ADE8F38D8}.ReleaseMac|iPhoneSimulator.Build.0 = Release|Any CPU
		{24327B3A-8997-4C44-B422-EF7ADE8F38D8}.ReleaseMac|x64.ActiveCfg = Release|Any CPU
		{24327B3A-8997-4C44-B422-EF7ADE8F38D8}.ReleaseMac|x64.Build.0 = Release|Any CPU
		{24327B3A-8997-4C44-B422-EF7ADE8F38D8}.ReleaseMac|x86.ActiveCfg = Release|Any CPU
		{24327B3A-8997-4C44-B422-EF7ADE8F38D8}.ReleaseMac|x86.Build.0 = Release|Any CPU
		{EAB0F0B8-5970-42F1-BDAD-3A874F48407C}.Ad-Hoc|Any CPU.ActiveCfg = Debug|Any CPU
		{EAB0F0B8-5970-42F1-BDAD-3A874F48407C}.Ad-Hoc|Any CPU.Build.0 = Debug|Any CPU
		{EAB0F0B8-5970-42F1-BDAD-3A874F48407C}.Ad-Hoc|ARM.ActiveCfg = Debug|Any CPU
		{EAB0F0B8-5970-42F1-BDAD-3A874F48407C}.Ad-Hoc|ARM.Build.0 = Debug|Any CPU
		{EAB0F0B8-5970-42F1-BDAD-3A874F48407C}.Ad-Hoc|ARM64.ActiveCfg = Debug|Any CPU
		{EAB0F0B8-5970-42F1-BDAD-3A874F48407C}.Ad-Hoc|ARM64.Build.0 = Debug|Any CPU
		{EAB0F0B8-5970-42F1-BDAD-3A874F48407C}.Ad-Hoc|iPhone.ActiveCfg = Debug|Any CPU
		{EAB0F0B8-5970-42F1-BDAD-3A874F48407C}.Ad-Hoc|iPhone.Build.0 = Debug|Any CPU
		{EAB0F0B8-5970-42F1-BDAD-3A874F48407C}.Ad-Hoc|iPhoneSimulator.ActiveCfg = Debug|Any CPU
		{EAB0F0B8-5970-42F1-BDAD-3A874F48407C}.Ad-Hoc|iPhoneSimulator.Build.0 = Debug|Any CPU
		{EAB0F0B8-5970-42F1-BDAD-3A874F48407C}.Ad-Hoc|x64.ActiveCfg = Debug|Any CPU
		{EAB0F0B8-5970-42F1-BDAD-3A874F48407C}.Ad-Hoc|x64.Build.0 = Debug|Any CPU
		{EAB0F0B8-5970-42F1-BDAD-3A874F48407C}.Ad-Hoc|x86.ActiveCfg = Debug|Any CPU
		{EAB0F0B8-5970-42F1-BDAD-3A874F48407C}.Ad-Hoc|x86.Build.0 = Debug|Any CPU
		{EAB0F0B8-5970-42F1-BDAD-3A874F48407C}.AppStore|Any CPU.ActiveCfg = Debug|Any CPU
		{EAB0F0B8-5970-42F1-BDAD-3A874F48407C}.AppStore|Any CPU.Build.0 = Debug|Any CPU
		{EAB0F0B8-5970-42F1-BDAD-3A874F48407C}.AppStore|ARM.ActiveCfg = Debug|Any CPU
		{EAB0F0B8-5970-42F1-BDAD-3A874F48407C}.AppStore|ARM.Build.0 = Debug|Any CPU
		{EAB0F0B8-5970-42F1-BDAD-3A874F48407C}.AppStore|ARM64.ActiveCfg = Debug|Any CPU
		{EAB0F0B8-5970-42F1-BDAD-3A874F48407C}.AppStore|ARM64.Build.0 = Debug|Any CPU
		{EAB0F0B8-5970-42F1-BDAD-3A874F48407C}.AppStore|iPhone.ActiveCfg = Debug|Any CPU
		{EAB0F0B8-5970-42F1-BDAD-3A874F48407C}.AppStore|iPhone.Build.0 = Debug|Any CPU
		{EAB0F0B8-5970-42F1-BDAD-3A874F48407C}.AppStore|iPhoneSimulator.ActiveCfg = Debug|Any CPU
		{EAB0F0B8-5970-42F1-BDAD-3A874F48407C}.AppStore|iPhoneSimulator.Build.0 = Debug|Any CPU
		{EAB0F0B8-5970-42F1-BDAD-3A874F48407C}.AppStore|x64.ActiveCfg = Debug|Any CPU
		{EAB0F0B8-5970-42F1-BDAD-3A874F48407C}.AppStore|x64.Build.0 = Debug|Any CPU
		{EAB0F0B8-5970-42F1-BDAD-3A874F48407C}.AppStore|x86.ActiveCfg = Debug|Any CPU
		{EAB0F0B8-5970-42F1-BDAD-3A874F48407C}.AppStore|x86.Build.0 = Debug|Any CPU
		{EAB0F0B8-5970-42F1-BDAD-3A874F48407C}.Debug|Any CPU.ActiveCfg = Debug|Any CPU
		{EAB0F0B8-5970-42F1-BDAD-3A874F48407C}.Debug|Any CPU.Build.0 = Debug|Any CPU
		{EAB0F0B8-5970-42F1-BDAD-3A874F48407C}.Debug|ARM.ActiveCfg = Debug|Any CPU
		{EAB0F0B8-5970-42F1-BDAD-3A874F48407C}.Debug|ARM.Build.0 = Debug|Any CPU
		{EAB0F0B8-5970-42F1-BDAD-3A874F48407C}.Debug|ARM64.ActiveCfg = Debug|Any CPU
		{EAB0F0B8-5970-42F1-BDAD-3A874F48407C}.Debug|ARM64.Build.0 = Debug|Any CPU
		{EAB0F0B8-5970-42F1-BDAD-3A874F48407C}.Debug|iPhone.ActiveCfg = Debug|Any CPU
		{EAB0F0B8-5970-42F1-BDAD-3A874F48407C}.Debug|iPhone.Build.0 = Debug|Any CPU
		{EAB0F0B8-5970-42F1-BDAD-3A874F48407C}.Debug|iPhoneSimulator.ActiveCfg = Debug|Any CPU
		{EAB0F0B8-5970-42F1-BDAD-3A874F48407C}.Debug|iPhoneSimulator.Build.0 = Debug|Any CPU
		{EAB0F0B8-5970-42F1-BDAD-3A874F48407C}.Debug|x64.ActiveCfg = Debug|Any CPU
		{EAB0F0B8-5970-42F1-BDAD-3A874F48407C}.Debug|x64.Build.0 = Debug|Any CPU
		{EAB0F0B8-5970-42F1-BDAD-3A874F48407C}.Debug|x86.ActiveCfg = Debug|Any CPU
		{EAB0F0B8-5970-42F1-BDAD-3A874F48407C}.Debug|x86.Build.0 = Debug|Any CPU
		{EAB0F0B8-5970-42F1-BDAD-3A874F48407C}.DebugMac|Any CPU.ActiveCfg = Debug|Any CPU
		{EAB0F0B8-5970-42F1-BDAD-3A874F48407C}.DebugMac|Any CPU.Build.0 = Debug|Any CPU
		{EAB0F0B8-5970-42F1-BDAD-3A874F48407C}.DebugMac|ARM.ActiveCfg = Debug|Any CPU
		{EAB0F0B8-5970-42F1-BDAD-3A874F48407C}.DebugMac|ARM.Build.0 = Debug|Any CPU
		{EAB0F0B8-5970-42F1-BDAD-3A874F48407C}.DebugMac|ARM64.ActiveCfg = Debug|Any CPU
		{EAB0F0B8-5970-42F1-BDAD-3A874F48407C}.DebugMac|ARM64.Build.0 = Debug|Any CPU
		{EAB0F0B8-5970-42F1-BDAD-3A874F48407C}.DebugMac|iPhone.ActiveCfg = Debug|Any CPU
		{EAB0F0B8-5970-42F1-BDAD-3A874F48407C}.DebugMac|iPhone.Build.0 = Debug|Any CPU
		{EAB0F0B8-5970-42F1-BDAD-3A874F48407C}.DebugMac|iPhoneSimulator.ActiveCfg = Debug|Any CPU
		{EAB0F0B8-5970-42F1-BDAD-3A874F48407C}.DebugMac|iPhoneSimulator.Build.0 = Debug|Any CPU
		{EAB0F0B8-5970-42F1-BDAD-3A874F48407C}.DebugMac|x64.ActiveCfg = Debug|Any CPU
		{EAB0F0B8-5970-42F1-BDAD-3A874F48407C}.DebugMac|x64.Build.0 = Debug|Any CPU
		{EAB0F0B8-5970-42F1-BDAD-3A874F48407C}.DebugMac|x86.ActiveCfg = Debug|Any CPU
		{EAB0F0B8-5970-42F1-BDAD-3A874F48407C}.DebugMac|x86.Build.0 = Debug|Any CPU
		{EAB0F0B8-5970-42F1-BDAD-3A874F48407C}.Release|Any CPU.ActiveCfg = Release|Any CPU
		{EAB0F0B8-5970-42F1-BDAD-3A874F48407C}.Release|Any CPU.Build.0 = Release|Any CPU
		{EAB0F0B8-5970-42F1-BDAD-3A874F48407C}.Release|ARM.ActiveCfg = Release|Any CPU
		{EAB0F0B8-5970-42F1-BDAD-3A874F48407C}.Release|ARM.Build.0 = Release|Any CPU
		{EAB0F0B8-5970-42F1-BDAD-3A874F48407C}.Release|ARM64.ActiveCfg = Release|Any CPU
		{EAB0F0B8-5970-42F1-BDAD-3A874F48407C}.Release|ARM64.Build.0 = Release|Any CPU
		{EAB0F0B8-5970-42F1-BDAD-3A874F48407C}.Release|iPhone.ActiveCfg = Release|Any CPU
		{EAB0F0B8-5970-42F1-BDAD-3A874F48407C}.Release|iPhone.Build.0 = Release|Any CPU
		{EAB0F0B8-5970-42F1-BDAD-3A874F48407C}.Release|iPhoneSimulator.ActiveCfg = Release|Any CPU
		{EAB0F0B8-5970-42F1-BDAD-3A874F48407C}.Release|iPhoneSimulator.Build.0 = Release|Any CPU
		{EAB0F0B8-5970-42F1-BDAD-3A874F48407C}.Release|x64.ActiveCfg = Release|Any CPU
		{EAB0F0B8-5970-42F1-BDAD-3A874F48407C}.Release|x64.Build.0 = Release|Any CPU
		{EAB0F0B8-5970-42F1-BDAD-3A874F48407C}.Release|x86.ActiveCfg = Release|Any CPU
		{EAB0F0B8-5970-42F1-BDAD-3A874F48407C}.Release|x86.Build.0 = Release|Any CPU
		{EAB0F0B8-5970-42F1-BDAD-3A874F48407C}.ReleaseMac|Any CPU.ActiveCfg = Release|Any CPU
		{EAB0F0B8-5970-42F1-BDAD-3A874F48407C}.ReleaseMac|Any CPU.Build.0 = Release|Any CPU
		{EAB0F0B8-5970-42F1-BDAD-3A874F48407C}.ReleaseMac|ARM.ActiveCfg = Release|Any CPU
		{EAB0F0B8-5970-42F1-BDAD-3A874F48407C}.ReleaseMac|ARM.Build.0 = Release|Any CPU
		{EAB0F0B8-5970-42F1-BDAD-3A874F48407C}.ReleaseMac|ARM64.ActiveCfg = Release|Any CPU
		{EAB0F0B8-5970-42F1-BDAD-3A874F48407C}.ReleaseMac|ARM64.Build.0 = Release|Any CPU
		{EAB0F0B8-5970-42F1-BDAD-3A874F48407C}.ReleaseMac|iPhone.ActiveCfg = Release|Any CPU
		{EAB0F0B8-5970-42F1-BDAD-3A874F48407C}.ReleaseMac|iPhone.Build.0 = Release|Any CPU
		{EAB0F0B8-5970-42F1-BDAD-3A874F48407C}.ReleaseMac|iPhoneSimulator.ActiveCfg = Release|Any CPU
		{EAB0F0B8-5970-42F1-BDAD-3A874F48407C}.ReleaseMac|iPhoneSimulator.Build.0 = Release|Any CPU
		{EAB0F0B8-5970-42F1-BDAD-3A874F48407C}.ReleaseMac|x64.ActiveCfg = Release|Any CPU
		{EAB0F0B8-5970-42F1-BDAD-3A874F48407C}.ReleaseMac|x64.Build.0 = Release|Any CPU
		{EAB0F0B8-5970-42F1-BDAD-3A874F48407C}.ReleaseMac|x86.ActiveCfg = Release|Any CPU
		{EAB0F0B8-5970-42F1-BDAD-3A874F48407C}.ReleaseMac|x86.Build.0 = Release|Any CPU
		{892B1AE9-58B0-4244-9A5E-953C53B41713}.Ad-Hoc|Any CPU.ActiveCfg = Debug|Any CPU
		{892B1AE9-58B0-4244-9A5E-953C53B41713}.Ad-Hoc|Any CPU.Build.0 = Debug|Any CPU
		{892B1AE9-58B0-4244-9A5E-953C53B41713}.Ad-Hoc|ARM.ActiveCfg = Debug|Any CPU
		{892B1AE9-58B0-4244-9A5E-953C53B41713}.Ad-Hoc|ARM.Build.0 = Debug|Any CPU
		{892B1AE9-58B0-4244-9A5E-953C53B41713}.Ad-Hoc|ARM64.ActiveCfg = Debug|Any CPU
		{892B1AE9-58B0-4244-9A5E-953C53B41713}.Ad-Hoc|ARM64.Build.0 = Debug|Any CPU
		{892B1AE9-58B0-4244-9A5E-953C53B41713}.Ad-Hoc|iPhone.ActiveCfg = Debug|Any CPU
		{892B1AE9-58B0-4244-9A5E-953C53B41713}.Ad-Hoc|iPhone.Build.0 = Debug|Any CPU
		{892B1AE9-58B0-4244-9A5E-953C53B41713}.Ad-Hoc|iPhoneSimulator.ActiveCfg = Debug|Any CPU
		{892B1AE9-58B0-4244-9A5E-953C53B41713}.Ad-Hoc|iPhoneSimulator.Build.0 = Debug|Any CPU
		{892B1AE9-58B0-4244-9A5E-953C53B41713}.Ad-Hoc|x64.ActiveCfg = Debug|Any CPU
		{892B1AE9-58B0-4244-9A5E-953C53B41713}.Ad-Hoc|x64.Build.0 = Debug|Any CPU
		{892B1AE9-58B0-4244-9A5E-953C53B41713}.Ad-Hoc|x86.ActiveCfg = Debug|Any CPU
		{892B1AE9-58B0-4244-9A5E-953C53B41713}.Ad-Hoc|x86.Build.0 = Debug|Any CPU
		{892B1AE9-58B0-4244-9A5E-953C53B41713}.AppStore|Any CPU.ActiveCfg = Debug|Any CPU
		{892B1AE9-58B0-4244-9A5E-953C53B41713}.AppStore|Any CPU.Build.0 = Debug|Any CPU
		{892B1AE9-58B0-4244-9A5E-953C53B41713}.AppStore|ARM.ActiveCfg = Debug|Any CPU
		{892B1AE9-58B0-4244-9A5E-953C53B41713}.AppStore|ARM.Build.0 = Debug|Any CPU
		{892B1AE9-58B0-4244-9A5E-953C53B41713}.AppStore|ARM64.ActiveCfg = Debug|Any CPU
		{892B1AE9-58B0-4244-9A5E-953C53B41713}.AppStore|ARM64.Build.0 = Debug|Any CPU
		{892B1AE9-58B0-4244-9A5E-953C53B41713}.AppStore|iPhone.ActiveCfg = Debug|Any CPU
		{892B1AE9-58B0-4244-9A5E-953C53B41713}.AppStore|iPhone.Build.0 = Debug|Any CPU
		{892B1AE9-58B0-4244-9A5E-953C53B41713}.AppStore|iPhoneSimulator.ActiveCfg = Debug|Any CPU
		{892B1AE9-58B0-4244-9A5E-953C53B41713}.AppStore|iPhoneSimulator.Build.0 = Debug|Any CPU
		{892B1AE9-58B0-4244-9A5E-953C53B41713}.AppStore|x64.ActiveCfg = Debug|Any CPU
		{892B1AE9-58B0-4244-9A5E-953C53B41713}.AppStore|x64.Build.0 = Debug|Any CPU
		{892B1AE9-58B0-4244-9A5E-953C53B41713}.AppStore|x86.ActiveCfg = Debug|Any CPU
		{892B1AE9-58B0-4244-9A5E-953C53B41713}.AppStore|x86.Build.0 = Debug|Any CPU
		{892B1AE9-58B0-4244-9A5E-953C53B41713}.Debug|Any CPU.ActiveCfg = Debug|Any CPU
		{892B1AE9-58B0-4244-9A5E-953C53B41713}.Debug|Any CPU.Build.0 = Debug|Any CPU
		{892B1AE9-58B0-4244-9A5E-953C53B41713}.Debug|ARM.ActiveCfg = Debug|Any CPU
		{892B1AE9-58B0-4244-9A5E-953C53B41713}.Debug|ARM.Build.0 = Debug|Any CPU
		{892B1AE9-58B0-4244-9A5E-953C53B41713}.Debug|ARM64.ActiveCfg = Debug|Any CPU
		{892B1AE9-58B0-4244-9A5E-953C53B41713}.Debug|ARM64.Build.0 = Debug|Any CPU
		{892B1AE9-58B0-4244-9A5E-953C53B41713}.Debug|iPhone.ActiveCfg = Debug|Any CPU
		{892B1AE9-58B0-4244-9A5E-953C53B41713}.Debug|iPhone.Build.0 = Debug|Any CPU
		{892B1AE9-58B0-4244-9A5E-953C53B41713}.Debug|iPhoneSimulator.ActiveCfg = Debug|Any CPU
		{892B1AE9-58B0-4244-9A5E-953C53B41713}.Debug|iPhoneSimulator.Build.0 = Debug|Any CPU
		{892B1AE9-58B0-4244-9A5E-953C53B41713}.Debug|x64.ActiveCfg = Debug|Any CPU
		{892B1AE9-58B0-4244-9A5E-953C53B41713}.Debug|x64.Build.0 = Debug|Any CPU
		{892B1AE9-58B0-4244-9A5E-953C53B41713}.Debug|x86.ActiveCfg = Debug|Any CPU
		{892B1AE9-58B0-4244-9A5E-953C53B41713}.Debug|x86.Build.0 = Debug|Any CPU
		{892B1AE9-58B0-4244-9A5E-953C53B41713}.DebugMac|Any CPU.ActiveCfg = Debug|Any CPU
		{892B1AE9-58B0-4244-9A5E-953C53B41713}.DebugMac|Any CPU.Build.0 = Debug|Any CPU
		{892B1AE9-58B0-4244-9A5E-953C53B41713}.DebugMac|ARM.ActiveCfg = Debug|Any CPU
		{892B1AE9-58B0-4244-9A5E-953C53B41713}.DebugMac|ARM.Build.0 = Debug|Any CPU
		{892B1AE9-58B0-4244-9A5E-953C53B41713}.DebugMac|ARM64.ActiveCfg = Debug|Any CPU
		{892B1AE9-58B0-4244-9A5E-953C53B41713}.DebugMac|ARM64.Build.0 = Debug|Any CPU
		{892B1AE9-58B0-4244-9A5E-953C53B41713}.DebugMac|iPhone.ActiveCfg = Debug|Any CPU
		{892B1AE9-58B0-4244-9A5E-953C53B41713}.DebugMac|iPhone.Build.0 = Debug|Any CPU
		{892B1AE9-58B0-4244-9A5E-953C53B41713}.DebugMac|iPhoneSimulator.ActiveCfg = Debug|Any CPU
		{892B1AE9-58B0-4244-9A5E-953C53B41713}.DebugMac|iPhoneSimulator.Build.0 = Debug|Any CPU
		{892B1AE9-58B0-4244-9A5E-953C53B41713}.DebugMac|x64.ActiveCfg = Debug|Any CPU
		{892B1AE9-58B0-4244-9A5E-953C53B41713}.DebugMac|x64.Build.0 = Debug|Any CPU
		{892B1AE9-58B0-4244-9A5E-953C53B41713}.DebugMac|x86.ActiveCfg = Debug|Any CPU
		{892B1AE9-58B0-4244-9A5E-953C53B41713}.DebugMac|x86.Build.0 = Debug|Any CPU
		{892B1AE9-58B0-4244-9A5E-953C53B41713}.Release|Any CPU.ActiveCfg = Release|Any CPU
		{892B1AE9-58B0-4244-9A5E-953C53B41713}.Release|Any CPU.Build.0 = Release|Any CPU
		{892B1AE9-58B0-4244-9A5E-953C53B41713}.Release|ARM.ActiveCfg = Release|Any CPU
		{892B1AE9-58B0-4244-9A5E-953C53B41713}.Release|ARM.Build.0 = Release|Any CPU
		{892B1AE9-58B0-4244-9A5E-953C53B41713}.Release|ARM64.ActiveCfg = Release|Any CPU
		{892B1AE9-58B0-4244-9A5E-953C53B41713}.Release|ARM64.Build.0 = Release|Any CPU
		{892B1AE9-58B0-4244-9A5E-953C53B41713}.Release|iPhone.ActiveCfg = Release|Any CPU
		{892B1AE9-58B0-4244-9A5E-953C53B41713}.Release|iPhone.Build.0 = Release|Any CPU
		{892B1AE9-58B0-4244-9A5E-953C53B41713}.Release|iPhoneSimulator.ActiveCfg = Release|Any CPU
		{892B1AE9-58B0-4244-9A5E-953C53B41713}.Release|iPhoneSimulator.Build.0 = Release|Any CPU
		{892B1AE9-58B0-4244-9A5E-953C53B41713}.Release|x64.ActiveCfg = Release|Any CPU
		{892B1AE9-58B0-4244-9A5E-953C53B41713}.Release|x64.Build.0 = Release|Any CPU
		{892B1AE9-58B0-4244-9A5E-953C53B41713}.Release|x86.ActiveCfg = Release|Any CPU
		{892B1AE9-58B0-4244-9A5E-953C53B41713}.Release|x86.Build.0 = Release|Any CPU
		{892B1AE9-58B0-4244-9A5E-953C53B41713}.ReleaseMac|Any CPU.ActiveCfg = Release|Any CPU
		{892B1AE9-58B0-4244-9A5E-953C53B41713}.ReleaseMac|Any CPU.Build.0 = Release|Any CPU
		{892B1AE9-58B0-4244-9A5E-953C53B41713}.ReleaseMac|ARM.ActiveCfg = Release|Any CPU
		{892B1AE9-58B0-4244-9A5E-953C53B41713}.ReleaseMac|ARM.Build.0 = Release|Any CPU
		{892B1AE9-58B0-4244-9A5E-953C53B41713}.ReleaseMac|ARM64.ActiveCfg = Release|Any CPU
		{892B1AE9-58B0-4244-9A5E-953C53B41713}.ReleaseMac|ARM64.Build.0 = Release|Any CPU
		{892B1AE9-58B0-4244-9A5E-953C53B41713}.ReleaseMac|iPhone.ActiveCfg = Release|Any CPU
		{892B1AE9-58B0-4244-9A5E-953C53B41713}.ReleaseMac|iPhone.Build.0 = Release|Any CPU
		{892B1AE9-58B0-4244-9A5E-953C53B41713}.ReleaseMac|iPhoneSimulator.ActiveCfg = Release|Any CPU
		{892B1AE9-58B0-4244-9A5E-953C53B41713}.ReleaseMac|iPhoneSimulator.Build.0 = Release|Any CPU
		{892B1AE9-58B0-4244-9A5E-953C53B41713}.ReleaseMac|x64.ActiveCfg = Release|Any CPU
		{892B1AE9-58B0-4244-9A5E-953C53B41713}.ReleaseMac|x64.Build.0 = Release|Any CPU
		{892B1AE9-58B0-4244-9A5E-953C53B41713}.ReleaseMac|x86.ActiveCfg = Release|Any CPU
		{892B1AE9-58B0-4244-9A5E-953C53B41713}.ReleaseMac|x86.Build.0 = Release|Any CPU
		{7EFFBE73-0FBC-42E8-86FA-34DD4D1E5A3D}.Ad-Hoc|Any CPU.ActiveCfg = Debug|Any CPU
		{7EFFBE73-0FBC-42E8-86FA-34DD4D1E5A3D}.Ad-Hoc|Any CPU.Build.0 = Debug|Any CPU
		{7EFFBE73-0FBC-42E8-86FA-34DD4D1E5A3D}.Ad-Hoc|ARM.ActiveCfg = Debug|Any CPU
		{7EFFBE73-0FBC-42E8-86FA-34DD4D1E5A3D}.Ad-Hoc|ARM.Build.0 = Debug|Any CPU
		{7EFFBE73-0FBC-42E8-86FA-34DD4D1E5A3D}.Ad-Hoc|ARM64.ActiveCfg = Debug|Any CPU
		{7EFFBE73-0FBC-42E8-86FA-34DD4D1E5A3D}.Ad-Hoc|ARM64.Build.0 = Debug|Any CPU
		{7EFFBE73-0FBC-42E8-86FA-34DD4D1E5A3D}.Ad-Hoc|iPhone.ActiveCfg = Debug|Any CPU
		{7EFFBE73-0FBC-42E8-86FA-34DD4D1E5A3D}.Ad-Hoc|iPhone.Build.0 = Debug|Any CPU
		{7EFFBE73-0FBC-42E8-86FA-34DD4D1E5A3D}.Ad-Hoc|iPhoneSimulator.ActiveCfg = Debug|Any CPU
		{7EFFBE73-0FBC-42E8-86FA-34DD4D1E5A3D}.Ad-Hoc|iPhoneSimulator.Build.0 = Debug|Any CPU
		{7EFFBE73-0FBC-42E8-86FA-34DD4D1E5A3D}.Ad-Hoc|x64.ActiveCfg = Debug|Any CPU
		{7EFFBE73-0FBC-42E8-86FA-34DD4D1E5A3D}.Ad-Hoc|x64.Build.0 = Debug|Any CPU
		{7EFFBE73-0FBC-42E8-86FA-34DD4D1E5A3D}.Ad-Hoc|x86.ActiveCfg = Debug|Any CPU
		{7EFFBE73-0FBC-42E8-86FA-34DD4D1E5A3D}.Ad-Hoc|x86.Build.0 = Debug|Any CPU
		{7EFFBE73-0FBC-42E8-86FA-34DD4D1E5A3D}.AppStore|Any CPU.ActiveCfg = Debug|Any CPU
		{7EFFBE73-0FBC-42E8-86FA-34DD4D1E5A3D}.AppStore|Any CPU.Build.0 = Debug|Any CPU
		{7EFFBE73-0FBC-42E8-86FA-34DD4D1E5A3D}.AppStore|ARM.ActiveCfg = Debug|Any CPU
		{7EFFBE73-0FBC-42E8-86FA-34DD4D1E5A3D}.AppStore|ARM.Build.0 = Debug|Any CPU
		{7EFFBE73-0FBC-42E8-86FA-34DD4D1E5A3D}.AppStore|ARM64.ActiveCfg = Debug|Any CPU
		{7EFFBE73-0FBC-42E8-86FA-34DD4D1E5A3D}.AppStore|ARM64.Build.0 = Debug|Any CPU
		{7EFFBE73-0FBC-42E8-86FA-34DD4D1E5A3D}.AppStore|iPhone.ActiveCfg = Debug|Any CPU
		{7EFFBE73-0FBC-42E8-86FA-34DD4D1E5A3D}.AppStore|iPhone.Build.0 = Debug|Any CPU
		{7EFFBE73-0FBC-42E8-86FA-34DD4D1E5A3D}.AppStore|iPhoneSimulator.ActiveCfg = Debug|Any CPU
		{7EFFBE73-0FBC-42E8-86FA-34DD4D1E5A3D}.AppStore|iPhoneSimulator.Build.0 = Debug|Any CPU
		{7EFFBE73-0FBC-42E8-86FA-34DD4D1E5A3D}.AppStore|x64.ActiveCfg = Debug|Any CPU
		{7EFFBE73-0FBC-42E8-86FA-34DD4D1E5A3D}.AppStore|x64.Build.0 = Debug|Any CPU
		{7EFFBE73-0FBC-42E8-86FA-34DD4D1E5A3D}.AppStore|x86.ActiveCfg = Debug|Any CPU
		{7EFFBE73-0FBC-42E8-86FA-34DD4D1E5A3D}.AppStore|x86.Build.0 = Debug|Any CPU
		{7EFFBE73-0FBC-42E8-86FA-34DD4D1E5A3D}.Debug|Any CPU.ActiveCfg = Debug|Any CPU
		{7EFFBE73-0FBC-42E8-86FA-34DD4D1E5A3D}.Debug|Any CPU.Build.0 = Debug|Any CPU
		{7EFFBE73-0FBC-42E8-86FA-34DD4D1E5A3D}.Debug|ARM.ActiveCfg = Debug|Any CPU
		{7EFFBE73-0FBC-42E8-86FA-34DD4D1E5A3D}.Debug|ARM.Build.0 = Debug|Any CPU
		{7EFFBE73-0FBC-42E8-86FA-34DD4D1E5A3D}.Debug|ARM64.ActiveCfg = Debug|Any CPU
		{7EFFBE73-0FBC-42E8-86FA-34DD4D1E5A3D}.Debug|ARM64.Build.0 = Debug|Any CPU
		{7EFFBE73-0FBC-42E8-86FA-34DD4D1E5A3D}.Debug|iPhone.ActiveCfg = Debug|Any CPU
		{7EFFBE73-0FBC-42E8-86FA-34DD4D1E5A3D}.Debug|iPhone.Build.0 = Debug|Any CPU
		{7EFFBE73-0FBC-42E8-86FA-34DD4D1E5A3D}.Debug|iPhoneSimulator.ActiveCfg = Debug|Any CPU
		{7EFFBE73-0FBC-42E8-86FA-34DD4D1E5A3D}.Debug|iPhoneSimulator.Build.0 = Debug|Any CPU
		{7EFFBE73-0FBC-42E8-86FA-34DD4D1E5A3D}.Debug|x64.ActiveCfg = Debug|Any CPU
		{7EFFBE73-0FBC-42E8-86FA-34DD4D1E5A3D}.Debug|x64.Build.0 = Debug|Any CPU
		{7EFFBE73-0FBC-42E8-86FA-34DD4D1E5A3D}.Debug|x86.ActiveCfg = Debug|Any CPU
		{7EFFBE73-0FBC-42E8-86FA-34DD4D1E5A3D}.Debug|x86.Build.0 = Debug|Any CPU
		{7EFFBE73-0FBC-42E8-86FA-34DD4D1E5A3D}.DebugMac|Any CPU.ActiveCfg = Debug|Any CPU
		{7EFFBE73-0FBC-42E8-86FA-34DD4D1E5A3D}.DebugMac|Any CPU.Build.0 = Debug|Any CPU
		{7EFFBE73-0FBC-42E8-86FA-34DD4D1E5A3D}.DebugMac|ARM.ActiveCfg = Debug|Any CPU
		{7EFFBE73-0FBC-42E8-86FA-34DD4D1E5A3D}.DebugMac|ARM.Build.0 = Debug|Any CPU
		{7EFFBE73-0FBC-42E8-86FA-34DD4D1E5A3D}.DebugMac|ARM64.ActiveCfg = Debug|Any CPU
		{7EFFBE73-0FBC-42E8-86FA-34DD4D1E5A3D}.DebugMac|ARM64.Build.0 = Debug|Any CPU
		{7EFFBE73-0FBC-42E8-86FA-34DD4D1E5A3D}.DebugMac|iPhone.ActiveCfg = Debug|Any CPU
		{7EFFBE73-0FBC-42E8-86FA-34DD4D1E5A3D}.DebugMac|iPhone.Build.0 = Debug|Any CPU
		{7EFFBE73-0FBC-42E8-86FA-34DD4D1E5A3D}.DebugMac|iPhoneSimulator.ActiveCfg = Debug|Any CPU
		{7EFFBE73-0FBC-42E8-86FA-34DD4D1E5A3D}.DebugMac|iPhoneSimulator.Build.0 = Debug|Any CPU
		{7EFFBE73-0FBC-42E8-86FA-34DD4D1E5A3D}.DebugMac|x64.ActiveCfg = Debug|Any CPU
		{7EFFBE73-0FBC-42E8-86FA-34DD4D1E5A3D}.DebugMac|x64.Build.0 = Debug|Any CPU
		{7EFFBE73-0FBC-42E8-86FA-34DD4D1E5A3D}.DebugMac|x86.ActiveCfg = Debug|Any CPU
		{7EFFBE73-0FBC-42E8-86FA-34DD4D1E5A3D}.DebugMac|x86.Build.0 = Debug|Any CPU
		{7EFFBE73-0FBC-42E8-86FA-34DD4D1E5A3D}.Release|Any CPU.ActiveCfg = Release|Any CPU
		{7EFFBE73-0FBC-42E8-86FA-34DD4D1E5A3D}.Release|Any CPU.Build.0 = Release|Any CPU
		{7EFFBE73-0FBC-42E8-86FA-34DD4D1E5A3D}.Release|ARM.ActiveCfg = Release|Any CPU
		{7EFFBE73-0FBC-42E8-86FA-34DD4D1E5A3D}.Release|ARM.Build.0 = Release|Any CPU
		{7EFFBE73-0FBC-42E8-86FA-34DD4D1E5A3D}.Release|ARM64.ActiveCfg = Release|Any CPU
		{7EFFBE73-0FBC-42E8-86FA-34DD4D1E5A3D}.Release|ARM64.Build.0 = Release|Any CPU
		{7EFFBE73-0FBC-42E8-86FA-34DD4D1E5A3D}.Release|iPhone.ActiveCfg = Release|Any CPU
		{7EFFBE73-0FBC-42E8-86FA-34DD4D1E5A3D}.Release|iPhone.Build.0 = Release|Any CPU
		{7EFFBE73-0FBC-42E8-86FA-34DD4D1E5A3D}.Release|iPhoneSimulator.ActiveCfg = Release|Any CPU
		{7EFFBE73-0FBC-42E8-86FA-34DD4D1E5A3D}.Release|iPhoneSimulator.Build.0 = Release|Any CPU
		{7EFFBE73-0FBC-42E8-86FA-34DD4D1E5A3D}.Release|x64.ActiveCfg = Release|Any CPU
		{7EFFBE73-0FBC-42E8-86FA-34DD4D1E5A3D}.Release|x64.Build.0 = Release|Any CPU
		{7EFFBE73-0FBC-42E8-86FA-34DD4D1E5A3D}.Release|x86.ActiveCfg = Release|Any CPU
		{7EFFBE73-0FBC-42E8-86FA-34DD4D1E5A3D}.Release|x86.Build.0 = Release|Any CPU
		{7EFFBE73-0FBC-42E8-86FA-34DD4D1E5A3D}.ReleaseMac|Any CPU.ActiveCfg = Release|Any CPU
		{7EFFBE73-0FBC-42E8-86FA-34DD4D1E5A3D}.ReleaseMac|Any CPU.Build.0 = Release|Any CPU
		{7EFFBE73-0FBC-42E8-86FA-34DD4D1E5A3D}.ReleaseMac|ARM.ActiveCfg = Release|Any CPU
		{7EFFBE73-0FBC-42E8-86FA-34DD4D1E5A3D}.ReleaseMac|ARM.Build.0 = Release|Any CPU
		{7EFFBE73-0FBC-42E8-86FA-34DD4D1E5A3D}.ReleaseMac|ARM64.ActiveCfg = Release|Any CPU
		{7EFFBE73-0FBC-42E8-86FA-34DD4D1E5A3D}.ReleaseMac|ARM64.Build.0 = Release|Any CPU
		{7EFFBE73-0FBC-42E8-86FA-34DD4D1E5A3D}.ReleaseMac|iPhone.ActiveCfg = Release|Any CPU
		{7EFFBE73-0FBC-42E8-86FA-34DD4D1E5A3D}.ReleaseMac|iPhone.Build.0 = Release|Any CPU
		{7EFFBE73-0FBC-42E8-86FA-34DD4D1E5A3D}.ReleaseMac|iPhoneSimulator.ActiveCfg = Release|Any CPU
		{7EFFBE73-0FBC-42E8-86FA-34DD4D1E5A3D}.ReleaseMac|iPhoneSimulator.Build.0 = Release|Any CPU
		{7EFFBE73-0FBC-42E8-86FA-34DD4D1E5A3D}.ReleaseMac|x64.ActiveCfg = Release|Any CPU
		{7EFFBE73-0FBC-42E8-86FA-34DD4D1E5A3D}.ReleaseMac|x64.Build.0 = Release|Any CPU
		{7EFFBE73-0FBC-42E8-86FA-34DD4D1E5A3D}.ReleaseMac|x86.ActiveCfg = Release|Any CPU
		{7EFFBE73-0FBC-42E8-86FA-34DD4D1E5A3D}.ReleaseMac|x86.Build.0 = Release|Any CPU
	EndGlobalSection
	GlobalSection(SolutionProperties) = preSolution
		HideSolutionNode = FALSE
	EndGlobalSection
	GlobalSection(NestedProjects) = preSolution
		{E4827B0E-394B-417F-BCD3-F417F7FE2DA3} = {996ADA94-1972-4680-80DE-6A804F458489}
		{3F0B3E3D-30DA-4878-AD38-D2248A49C7B6} = {996ADA94-1972-4680-80DE-6A804F458489}
		{7A0253F7-3889-4479-9D20-9CE980101523} = {996ADA94-1972-4680-80DE-6A804F458489}
		{14618902-C12E-491E-ACD0-AA92BDB4069F} = {996ADA94-1972-4680-80DE-6A804F458489}
		{6E3C0383-38F7-4389-98EB-7E2A42774045} = {996ADA94-1972-4680-80DE-6A804F458489}
		{24327B3A-8997-4C44-B422-EF7ADE8F38D8} = {996ADA94-1972-4680-80DE-6A804F458489}
		{EAB0F0B8-5970-42F1-BDAD-3A874F48407C} = {996ADA94-1972-4680-80DE-6A804F458489}
		{892B1AE9-58B0-4244-9A5E-953C53B41713} = {996ADA94-1972-4680-80DE-6A804F458489}
		{7EFFBE73-0FBC-42E8-86FA-34DD4D1E5A3D} = {996ADA94-1972-4680-80DE-6A804F458489}
	EndGlobalSection
	GlobalSection(ExtensibilityGlobals) = postSolution
		SolutionGuid = {FF81EE01-4C98-47C6-89A3-30A7B10AA976}
	EndGlobalSection
EndGlobal
